PODS:
  - AFNetworking (3.1.0):
    - AFNetworking/NSURLSession (= 3.1.0)
    - AFNetworking/Reachability (= 3.1.0)
    - AFNetworking/Security (= 3.1.0)
    - AFNetworking/Serialization (= 3.1.0)
    - AFNetworking/UIKit (= 3.1.0)
  - AFNetworking/NSURLSession (3.1.0):
    - AFNetworking/Reachability
    - AFNetworking/Security
    - AFNetworking/Serialization
  - AFNetworking/Reachability (3.1.0)
  - AFNetworking/Security (3.1.0)
  - AFNetworking/Serialization (3.1.0)
  - AFNetworking/UIKit (3.1.0):
    - AFNetworking/NSURLSession
  - DTCoreText (1.6.17):
    - DTFoundation/Core (~> 1.7.5)
    - DTFoundation/DTAnimatedGIF (~> 1.7.5)
    - DTFoundation/DTHTMLParser (~> 1.7.5)
    - DTFoundation/UIKit (~> 1.7.5)
  - DTFoundation/Core (1.7.10)
  - DTFoundation/DTAnimatedGIF (1.7.10)
  - DTFoundation/DTHTMLParser (1.7.10):
    - DTFoundation/Core
  - DTFoundation/UIKit (1.7.10):
    - DTFoundation/Core
  - GBDeviceInfo (4.1.0):
    - GBDeviceInfo/Core (= 4.1.0)
  - GBDeviceInfo/Core (4.1.0)
  - GHMarkdownParser (0.1.2)
  - GoogleAnalytics (3.16.0)
  - HPGrowingTextView (1.1)
  - libPhoneNumber-iOS (0.8.16)
  - MatrixKit (0.3.16):
    - DTCoreText (~> 1.6.17)
    - GHMarkdownParser (~> 0.1.2)
    - HPGrowingTextView (~> 1.1)
    - libPhoneNumber-iOS (~> 0.8.14)
    - MatrixSDK (= 0.6.14)
  - MatrixSDK (0.6.14):
    - AFNetworking (~> 3.1.0)
  - WebRTC (13869.6.0)

DEPENDENCIES:
  - GBDeviceInfo (~> 4.1.0)
  - GoogleAnalytics
  - MatrixKit (= 0.3.16)
  - WebRTC (= 13869.6.0)

SPEC CHECKSUMS:
  AFNetworking: 5e0e199f73d8626b11e79750991f5d173d1f8b67
  DTCoreText: 3ea8bba23dd2141ba18adb227a7dd33a822df1c4
  DTFoundation: 3b6b1b817d2a7fb02e7eaf2596c922a68145bd43
  GBDeviceInfo: e50df975a95e21faec93e2bf98376846fe17d307
  GHMarkdownParser: 14cbf59d0ab9450017d843dffd4a3ef691e5bd77
  GoogleAnalytics: 3de986b2fa29012c69fa415566006a9c9cf25320
  HPGrowingTextView: 88a716d97fb853bcb08a4a08e4727da17efc9b19
  libPhoneNumber-iOS: acb5805f67892db37adc3440290a367923672b51
  MatrixKit: 6bab7a45a776ff3b0a570bff5440fb476ca89432
  MatrixSDK: 913f5fcae81f6d9eb80734536dae76a6922050f2
  WebRTC: ee369681c4f06e868fa45a7a6abbbf2c865c49ae

PODFILE CHECKSUM: 88ca050feb1d656ce9b2fdea0c5a4f15493be1f9

COCOAPODS: 1.0.1
