PODS:
  - AFNetworking (3.1.0):
    - AFNetworking/NSURLSession (= 3.1.0)
    - AFNetworking/Reachability (= 3.1.0)
    - AFNetworking/Security (= 3.1.0)
    - AFNetworking/Serialization (= 3.1.0)
    - AFNetworking/UIKit (= 3.1.0)
  - AFNetworking/NSURLSession (3.1.0):
    - AFNetworking/Reachability
    - AFNetworking/Security
    - AFNetworking/Serialization
  - AFNetworking/Reachability (3.1.0)
  - AFNetworking/Security (3.1.0)
  - AFNetworking/Serialization (3.1.0)
  - AFNetworking/UIKit (3.1.0):
    - AFNetworking/NSURLSession
  - cmark (0.24.1)
  - DTCoreText (1.6.20):
    - DTCoreText/Core (= 1.6.20)
    - DTFoundation/Core (~> 1.7.5)
    - DTFoundation/DTAnimatedGIF (~> 1.7.5)
    - DTFoundation/DTHTMLParser (~> 1.7.5)
    - DTFoundation/UIKit (~> 1.7.5)
  - DTCoreText/Core (1.6.20):
    - DTFoundation/Core (~> 1.7.5)
    - DTFoundation/DTAnimatedGIF (~> 1.7.5)
    - DTFoundation/DTHTMLParser (~> 1.7.5)
    - DTFoundation/UIKit (~> 1.7.5)
  - DTFoundation/Core (1.7.12)
  - DTFoundation/DTAnimatedGIF (1.7.12)
  - DTFoundation/DTHTMLParser (1.7.12):
    - DTFoundation/Core
  - DTFoundation/UIKit (1.7.12):
    - DTFoundation/Core
  - GBDeviceInfo (4.2.2):
    - GBDeviceInfo/Core (= 4.2.2)
  - GBDeviceInfo/Core (4.2.2)
  - GoogleAnalytics (3.17.0)
  - HPGrowingTextView (1.1)
  - libPhoneNumber-iOS (0.8.17)
  - MatrixKit (0.4.11):
    - cmark (~> 0.24.1)
    - DTCoreText (~> 1.6.17)
    - HPGrowingTextView (~> 1.1)
    - libPhoneNumber-iOS (~> 0.8.14)
    - MatrixSDK (= 0.7.11)
  - MatrixSDK (0.7.11):
    - AFNetworking (~> 3.1.0)
  - OLMKit (2.2.2):
    - OLMKit/olmc (= 2.2.2)
    - OLMKit/olmcpp (= 2.2.2)
  - OLMKit/olmc (2.2.2)
  - OLMKit/olmcpp (2.2.2)
  - Realm (2.1.2):
    - Realm/Headers (= 2.1.2)
  - Realm/Headers (2.1.2)
  - WebRTC (56.10.15101)

DEPENDENCIES:
  - GBDeviceInfo (~> 4.2.2)
  - GoogleAnalytics
  - MatrixKit (= 0.4.11)
  - OLMKit
  - Realm (~> 2.1.1)
  - WebRTC (= 56.10.15101)

SPEC CHECKSUMS:
  AFNetworking: 5e0e199f73d8626b11e79750991f5d173d1f8b67
  cmark: ec0275215b504780287b6fca360224e384368af8
  DTCoreText: 51904f2374af443e0d270d6fdc76035ab6f9ef8a
  DTFoundation: 26a164ef510877387906fb92bff524a792db4bf8
  GBDeviceInfo: 0a6e2fc04989ce248572bb988f1a764102eb0e5d
  GoogleAnalytics: f42cc53a87a51fe94334821868d9c8481ff47a7b
  HPGrowingTextView: 88a716d97fb853bcb08a4a08e4727da17efc9b19
  libPhoneNumber-iOS: 9f083847f8cb9b81064cff2ed2c98cbf18d9f9f2
  MatrixKit: 72a7d62f3484a44ce7e9f9f850e4f2fd64088007
  MatrixSDK: 7508abee816785312d658dc7569ea63074025c27
  OLMKit: b9d8c0ffee9ea8c45bc0aaa9afb47f93fba7efbd
  Realm: efe855f4d977c8ce5a82d3116d9f1ff155a6550c
  WebRTC: 116e2a81290a8551d67dd2e471b94803a5bba813

PODFILE CHECKSUM: 9d16cdea9e05545d9a0362c174a348ff9d9450ef

COCOAPODS: 1.2.0
