PODS:
  - AFNetworking (2.5.4):
    - AFNetworking/NSURLConnection (= 2.5.4)
    - AFNetworking/NSURLSession (= 2.5.4)
    - AFNetworking/Reachability (= 2.5.4)
    - AFNetworking/Security (= 2.5.4)
    - AFNetworking/Serialization (= 2.5.4)
    - AFNetworking/UIKit (= 2.5.4)
  - AFNetworking/NSURLConnection (2.5.4):
    - AFNetworking/Reachability
    - AFNetworking/Security
    - AFNetworking/Serialization
  - AFNetworking/NSURLSession (2.5.4):
    - AFNetworking/Reachability
    - AFNetworking/Security
    - AFNetworking/Serialization
  - AFNetworking/Reachability (2.5.4)
  - AFNetworking/Security (2.5.4)
  - AFNetworking/Serialization (2.5.4)
  - AFNetworking/UIKit (2.5.4):
    - AFNetworking/NSURLConnection
    - AFNetworking/NSURLSession
  - GBDeviceInfo (2.2.10)
  - HPGrowingTextView (1.1)
  - Mantle (1.5.4):
    - Mantle/extobjc (= 1.5.4)
  - Mantle/extobjc (1.5.4)
  - MatrixKit (0.1.0):
    - HPGrowingTextView (~> 1.1)
    - MatrixSDK (~> 0.4.0)
  - MatrixSDK (0.4.0):
    - AFNetworking (~> 2.5.2)
    - Mantle (~> 1.5)
  - OpenWebRTC (0.3.1)
  - OpenWebRTC-SDK (0.1.1):
    - OpenWebRTC

DEPENDENCIES:
  - GBDeviceInfo (~> 2.2.9)
  - MatrixKit (from `https://github.com/matrix-org/matrix-ios-kit.git`, branch `develop`)
  - MatrixSDK (from `https://github.com/matrix-org/matrix-ios-sdk.git`, branch `develop`)
  - OpenWebRTC-SDK (from `https://github.com/matrix-org/openwebrtc-ios-sdk.git`, branch
    `cvo_support`)

EXTERNAL SOURCES:
  MatrixKit:
    :branch: develop
    :git: https://github.com/matrix-org/matrix-ios-kit.git
  MatrixSDK:
    :branch: develop
    :git: https://github.com/matrix-org/matrix-ios-sdk.git
  OpenWebRTC-SDK:
    :branch: cvo_support
    :git: https://github.com/matrix-org/openwebrtc-ios-sdk.git

CHECKOUT OPTIONS:
  MatrixKit:
    :commit: 74bef1a10c0cafc488ffc936b45947f14b5b7f85
    :git: https://github.com/matrix-org/matrix-ios-kit.git
  MatrixSDK:
    :commit: 0f374cfa70024d8ee64469d1aecf4c76d0d38585
    :git: https://github.com/matrix-org/matrix-ios-sdk.git
  OpenWebRTC-SDK:
    :commit: 2e2fd572c22f73f1d6c42bf37697b33dd2af3cda
    :git: https://github.com/matrix-org/openwebrtc-ios-sdk.git

SPEC CHECKSUMS:
  AFNetworking: 05edc0ac4c4c8cf57bcf4b84be5b0744b6d8e71e
  GBDeviceInfo: 5866e2f529547f8a4c3c6917dc40ac53acd75234
  HPGrowingTextView: 88a716d97fb853bcb08a4a08e4727da17efc9b19
  Mantle: 60acd0cd363e27d945bda0a6b8e90577112d28f3
  MatrixKit: 10b6c36dd997da0919a4b4f3f00f4ec352bdc765
  MatrixSDK: 1645c94a7c7657e91e890c9c09d10094f79b7b92
  OpenWebRTC: 85be1caf6dc45b11106eacba93de61e3e52b1cf8
  OpenWebRTC-SDK: fd66e49ab80e88ed1e55231ac875a4976dc3ba74

COCOAPODS: 0.37.1
