PODS:
  - AFNetworking (2.4.1):
    - AFNetworking/NSURLConnection (= 2.4.1)
    - AFNetworking/NSURLSession (= 2.4.1)
    - AFNetworking/Reachability (= 2.4.1)
    - AFNetworking/Security (= 2.4.1)
    - AFNetworking/Serialization (= 2.4.1)
    - AFNetworking/UIKit (= 2.4.1)
  - AFNetworking/NSURLConnection (2.4.1):
    - AFNetworking/Reachability
    - AFNetworking/Security
    - AFNetworking/Serialization
  - AFNetworking/NSURLSession (2.4.1):
    - AFNetworking/Reachability
    - AFNetworking/Security
    - AFNetworking/Serialization
  - AFNetworking/Reachability (2.4.1)
  - AFNetworking/Security (2.4.1)
  - AFNetworking/Serialization (2.4.1)
  - AFNetworking/UIKit (2.4.1):
    - AFNetworking/NSURLConnection
    - AFNetworking/NSURLSession
  - Mantle (1.5.3):
    - Mantle/extobjc (= 1.5.3)
  - Mantle/extobjc (1.5.3)
  - MatrixSDK (0.2.0):
    - AFNetworking (~> 2.4.1)
    - Mantle (~> 1.5)

DEPENDENCIES:
  - MatrixSDK (from `../../MatrixSDK.podspec`)

EXTERNAL SOURCES:
  MatrixSDK:
    :path: ../../MatrixSDK.podspec

SPEC CHECKSUMS:
  AFNetworking: 0aabc6fae66d6e5d039eeb21c315843c7aae51ab
  Mantle: 8d84cacd6c2a69ff6fbce985a2b51298a5495de3
  MatrixSDK: 74bdc315f4f3422b7142704a5bde193583fd0a56

COCOAPODS: 0.35.0
