{
  "pins" : [
    {
      "identity" : "devicekit",
      "kind" : "remoteSourceControl",
      "location" : "https://github.com/devicekit/DeviceKit",
      "state" : {
        "revision" : "d37e70cb2646666dcf276d7d3d4a9760a41ff8a6",
        "version" : "4.9.0"
      }
    },
    {
      "identity" : "dtcoretext",
      "kind" : "remoteSourceControl",
      "location" : "https://github.com/Cocoanetics/DTCoreText",
      "state" : {
        "revision" : "b664664825da565b4c2b7a17dbe2369f68ae43d9",
        "version" : "1.6.26"
      }
    },
    {
      "identity" : "dtfoundation",
      "kind" : "remoteSourceControl",
      "location" : "https://github.com/Cocoanetics/DTFoundation.git",
      "state" : {
        "revision" : "76062513434421cb6c8a1ae1d4f8368a7ebc2da3",
        "version" : "1.7.18"
      }
    },
    {
      "identity" : "maplibre-gl-native-distribution",
      "kind" : "remoteSourceControl",
      "location" : "https://github.com/maplibre/maplibre-gl-native-distribution",
      "state" : {
        "revision" : "d761956e81e74d8bdbfba31e0ec3a75616190658",
        "version" : "5.12.2"
      }
    },
    {
      "identity" : "matrix-analytics-events",
      "kind" : "remoteSourceControl",
      "location" : "https://github.com/matrix-org/matrix-analytics-events",
      "state" : {
        "revision" : "de0cac487e5e7f607ee17045882204c91585461f",
        "version" : "0.23.1"
      }
    },
    {
      "identity" : "matrix-rich-text-editor-swift",
      "kind" : "remoteSourceControl",
      "location" : "https://github.com/matrix-org/matrix-rich-text-editor-swift",
      "state" : {
        "revision" : "21c0dd6e9c0b38d19d97af8e3e99fe01df56825d",
        "version" : "2.37.3"
      }
    },
    {
      "identity" : "ogg-swift",
      "kind" : "remoteSourceControl",
      "location" : "https://github.com/vector-im/ogg-swift.git",
      "state" : {
        "revision" : "9d82ed838404f10b607a1a1689f404563e9115c3",
        "version" : "0.8.3"
      }
    },
    {
      "identity" : "opus-swift",
      "kind" : "remoteSourceControl",
      "location" : "https://github.com/vector-im/opus-swift",
      "state" : {
        "revision" : "11f1887767cbc87c4b64b789ee830b779cc744cb",
        "version" : "0.8.4"
      }
    },
    {
      "identity" : "posthog-ios",
      "kind" : "remoteSourceControl",
      "location" : "https://github.com/PostHog/posthog-ios",
      "state" : {
        "revision" : "8b2508444962d67aa5f8770074f32d493383dafd",
        "version" : "3.2.5"
      }
    },
    {
      "identity" : "swift-collections",
      "kind" : "remoteSourceControl",
      "location" : "https://github.com/apple/swift-collections",
      "state" : {
        "revision" : "94cf62b3ba8d4bed62680a282d4c25f9c63c2efb",
        "version" : "1.1.0"
      }
    },
    {
      "identity" : "swift-ogg",
      "kind" : "remoteSourceControl",
      "location" : "https://github.com/element-hq/swift-ogg",
      "state" : {
        "branch" : "0.0.1",
        "revision" : "e9a9e7601da662fd8b97d93781ff5c60b4becf88"
      }
    }
  ],
  "version" : 2
}
