// !$*UTF8*$!
{
	archiveVersion = 1;
	classes = {
	};
	objectVersion = 46;
	objects = {

/* Begin PBXBuildFile section */
		3198D9E11A68338B00556695 /* Localizable.strings in Resources */ = {isa = PBXBuildFile; fileRef = 3198D9E31A68338B00556695 /* Localizable.strings */; };
		32501A9B1A9B978400C5938F /* MXCRegistrationWebView.m in Sources */ = {isa = PBXBuildFile; fileRef = 32501A9A1A9B978400C5938F /* MXCRegistrationWebView.m */; };
		710CA4BF1A7FBEDB00EEFB96 /* MXCViewController.m in Sources */ = {isa = PBXBuildFile; fileRef = 710CA4BE1A7FBEDB00EEFB96 /* MXCViewController.m */; };
		710CA4C21A7FBFED00EEFB96 /* RageShakableUIResponder.m in Sources */ = {isa = PBXBuildFile; fileRef = 710CA4C11A7FBFED00EEFB96 /* RageShakableUIResponder.m */; };
		710CA4C51A7FC27100EEFB96 /* MXCTableViewController.m in Sources */ = {isa = PBXBuildFile; fileRef = 710CA4C41A7FC27100EEFB96 /* MXCTableViewController.m */; };
		710CC3BF1A6E9F14006EE973 /* matrixUser.png in Resources */ = {isa = PBXBuildFile; fileRef = 710CC3BE1A6E9F14006EE973 /* matrixUser.png */; };
		710CC3C21A70F28F006EE973 /* MXCContactField.m in Sources */ = {isa = PBXBuildFile; fileRef = 710CC3C11A70F28F006EE973 /* MXCContactField.m */; };
		71193D241A6D64F900E59A9E /* AddressBook.framework in Frameworks */ = {isa = PBXBuildFile; fileRef = 71193D231A6D64F900E59A9E /* AddressBook.framework */; };
		71193D291A6E3DC000E59A9E /* ContactsViewController.m in Sources */ = {isa = PBXBuildFile; fileRef = 71193D281A6E3DC000E59A9E /* ContactsViewController.m */; };
		71193D2C1A6E433900E59A9E /* ContactTableCell.m in Sources */ = {isa = PBXBuildFile; fileRef = 71193D2B1A6E433900E59A9E /* ContactTableCell.m */; };
		71193D361A6E49F000E59A9E /* MXCContact.m in Sources */ = {isa = PBXBuildFile; fileRef = 71193D311A6E49F000E59A9E /* MXCContact.m */; };
		71193D371A6E49F000E59A9E /* MXCEmail.m in Sources */ = {isa = PBXBuildFile; fileRef = 71193D331A6E49F000E59A9E /* MXCEmail.m */; };
		71193D381A6E49F000E59A9E /* MXCPhoneNumber.m in Sources */ = {isa = PBXBuildFile; fileRef = 71193D351A6E49F000E59A9E /* MXCPhoneNumber.m */; };
		71193D3B1A6E50EC00E59A9E /* ContactManager.m in Sources */ = {isa = PBXBuildFile; fileRef = 71193D3A1A6E50EC00E59A9E /* ContactManager.m */; };
		71193D3E1A6E61AD00E59A9E /* SectionedContacts.m in Sources */ = {isa = PBXBuildFile; fileRef = 71193D3D1A6E61AD00E59A9E /* SectionedContacts.m */; };
		7176294C1A77F5D000927125 /* ContactDetailsViewController.m in Sources */ = {isa = PBXBuildFile; fileRef = 7176294B1A77F5D000927125 /* ContactDetailsViewController.m */; };
		7176294F1A77FED800927125 /* ContactDetailsTableCell.m in Sources */ = {isa = PBXBuildFile; fileRef = 7176294E1A77FED800927125 /* ContactDetailsTableCell.m */; };
		717629521A7A682A00927125 /* countryCodes.plist in Resources */ = {isa = PBXBuildFile; fileRef = 717629511A7A682A00927125 /* countryCodes.plist */; };
		71D2E4EC1A49814B000DE015 /* RoomMemberActionsCell.m in Sources */ = {isa = PBXBuildFile; fileRef = 71D2E4EB1A49814B000DE015 /* RoomMemberActionsCell.m */; };
		71DB9DC11A495B6400504A09 /* MemberViewController.m in Sources */ = {isa = PBXBuildFile; fileRef = 71DB9DC01A495B6400504A09 /* MemberViewController.m */; };
		71E94A771A5C4020009F52E5 /* PieChartView.m in Sources */ = {isa = PBXBuildFile; fileRef = 71E94A761A5C4020009F52E5 /* PieChartView.m */; };
		D648B86A591308736E2D4078 /* libPods-matrixConsole.a in Frameworks */ = {isa = PBXBuildFile; fileRef = 8141B1E2401FFCC3C5B99234 /* libPods-matrixConsole.a */; };
		F00B5DB91A1B9BCE00EA1C8D /* MXCImageView.m in Sources */ = {isa = PBXBuildFile; fileRef = F00B5DB81A1B9BCE00EA1C8D /* MXCImageView.m */; };
		F013EEEC1A40D437002BB093 /* matrixConsole-Defaults.plist in Resources */ = {isa = PBXBuildFile; fileRef = F013EEEB1A40D437002BB093 /* matrixConsole-Defaults.plist */; };
		F01628C119E29C660071C473 /* default-profile.png in Resources */ = {isa = PBXBuildFile; fileRef = F01628BC19E29C660071C473 /* default-profile.png */; };
		F01628C319E29C660071C473 /* logo.png in Resources */ = {isa = PBXBuildFile; fileRef = F01628BE19E29C660071C473 /* logo.png */; };
		F01A0FF31A27314B009FAE2F /* RoomMessageComponent.m in Sources */ = {isa = PBXBuildFile; fileRef = F01A0FF21A27314B009FAE2F /* RoomMessageComponent.m */; };
		F021FBEF1A5EF57300EA3AE6 /* MediaLoader.m in Sources */ = {isa = PBXBuildFile; fileRef = F021FBEE1A5EF57300EA3AE6 /* MediaLoader.m */; };
		F021FBF21A5F1F8E00EA3AE6 /* MediaManager.m in Sources */ = {isa = PBXBuildFile; fileRef = F021FBF11A5F1F8E00EA3AE6 /* MediaManager.m */; };
		F024098219E7D177006E741B /* tab_recents@2x.png in Resources */ = {isa = PBXBuildFile; fileRef = F024098119E7D177006E741B /* tab_recents@2x.png */; };
		F02900BB1A63C71E00356F7D /* MXCTools.m in Sources */ = {isa = PBXBuildFile; fileRef = F02900BA1A63C71E00356F7D /* MXCTools.m */; };
		F02BCE231A1A5A2B00543B47 /* play.png in Resources */ = {isa = PBXBuildFile; fileRef = F02BCE221A1A5A2B00543B47 /* play.png */; };
		F02D707619F1DC9E007B47D3 /* RoomMemberTableCell.m in Sources */ = {isa = PBXBuildFile; fileRef = F02D707519F1DC9E007B47D3 /* RoomMemberTableCell.m */; };
		F030974C1A6580D70090BC00 /* icon_keyboard.png in Resources */ = {isa = PBXBuildFile; fileRef = F030974A1A6580D70090BC00 /* icon_keyboard.png */; };
		F030974D1A6580D70090BC00 /* icon_keyboard@2x.png in Resources */ = {isa = PBXBuildFile; fileRef = F030974B1A6580D70090BC00 /* icon_keyboard@2x.png */; };
		F03EF5F619F171EB00A0EE52 /* HomeViewController.m in Sources */ = {isa = PBXBuildFile; fileRef = F03EF5EB19F171EB00A0EE52 /* HomeViewController.m */; };
		F03EF5F719F171EB00A0EE52 /* AuthenticationViewController.m in Sources */ = {isa = PBXBuildFile; fileRef = F03EF5ED19F171EB00A0EE52 /* AuthenticationViewController.m */; };
		F03EF5F819F171EB00A0EE52 /* MasterTabBarController.m in Sources */ = {isa = PBXBuildFile; fileRef = F03EF5EF19F171EB00A0EE52 /* MasterTabBarController.m */; };
		F03EF5F919F171EB00A0EE52 /* RecentsViewController.m in Sources */ = {isa = PBXBuildFile; fileRef = F03EF5F119F171EB00A0EE52 /* RecentsViewController.m */; };
		F03EF5FA19F171EB00A0EE52 /* RoomViewController.m in Sources */ = {isa = PBXBuildFile; fileRef = F03EF5F319F171EB00A0EE52 /* RoomViewController.m */; };
		F03EF5FB19F171EB00A0EE52 /* SettingsViewController.m in Sources */ = {isa = PBXBuildFile; fileRef = F03EF5F519F171EB00A0EE52 /* SettingsViewController.m */; };
		F03EF5FF19F1762000A0EE52 /* RoomMessageTableCell.m in Sources */ = {isa = PBXBuildFile; fileRef = F03EF5FE19F1762000A0EE52 /* RoomMessageTableCell.m */; };
		F0465AFA1A251F85003639F9 /* RoomMessage.m in Sources */ = {isa = PBXBuildFile; fileRef = F0465AF91A251F85003639F9 /* RoomMessage.m */; };
		F04A8AD81A3B3DF4008AC915 /* RoomTitleView.m in Sources */ = {isa = PBXBuildFile; fileRef = F04A8AD71A3B3DF4008AC915 /* RoomTitleView.m */; };
		F04B2DA51A977A9B00EEA4C8 /* tab_settings.png in Resources */ = {isa = PBXBuildFile; fileRef = F04B2DA11A977A9B00EEA4C8 /* tab_settings.png */; };
		F04B2DA61A977A9B00EEA4C8 /* tab_settings@2x.png in Resources */ = {isa = PBXBuildFile; fileRef = F04B2DA21A977A9B00EEA4C8 /* tab_settings@2x.png */; };
		F052377C1A7289F00079F3E0 /* APNSHandler.m in Sources */ = {isa = PBXBuildFile; fileRef = F05237791A7289F00079F3E0 /* APNSHandler.m */; };
		F05237801A728A010079F3E0 /* MXCAlert.m in Sources */ = {isa = PBXBuildFile; fileRef = F052377F1A728A010079F3E0 /* MXCAlert.m */; };
		F05237831A728A0A0079F3E0 /* MXCGrowingTextView.m in Sources */ = {isa = PBXBuildFile; fileRef = F05237821A728A0A0079F3E0 /* MXCGrowingTextView.m */; };
		F05C3A3E1A3F3D7F002B698E /* icon_users.png in Resources */ = {isa = PBXBuildFile; fileRef = F05C3A3C1A3F3D7F002B698E /* icon_users.png */; };
		F05C3A3F1A3F3D7F002B698E /* icon_users@2x.png in Resources */ = {isa = PBXBuildFile; fileRef = F05C3A3D1A3F3D7F002B698E /* icon_users@2x.png */; };
		F077E6491A72966F008D5AD5 /* MatrixSDKHandler.m in Sources */ = {isa = PBXBuildFile; fileRef = F077E6481A72966F008D5AD5 /* MatrixSDKHandler.m */; };
		F07A80D819DD9DE700B621A1 /* main.m in Sources */ = {isa = PBXBuildFile; fileRef = F07A80D719DD9DE700B621A1 /* main.m */; };
		F07A80DB19DD9DE700B621A1 /* AppDelegate.m in Sources */ = {isa = PBXBuildFile; fileRef = F07A80DA19DD9DE700B621A1 /* AppDelegate.m */; };
		F07A80E419DD9DE700B621A1 /* Main.storyboard in Resources */ = {isa = PBXBuildFile; fileRef = F07A80E219DD9DE700B621A1 /* Main.storyboard */; };
		F07A80E619DD9DE700B621A1 /* Images.xcassets in Resources */ = {isa = PBXBuildFile; fileRef = F07A80E519DD9DE700B621A1 /* Images.xcassets */; };
		F07A80E919DD9DE700B621A1 /* LaunchScreen.xib in Resources */ = {isa = PBXBuildFile; fileRef = F07A80E719DD9DE700B621A1 /* LaunchScreen.xib */; };
		F07A80F519DD9DE700B621A1 /* matrixConsoleTests.m in Sources */ = {isa = PBXBuildFile; fileRef = F07A80F419DD9DE700B621A1 /* matrixConsoleTests.m */; };
		F08B6FCC1A1DE7F80094A35B /* matrixConsole.jpg in Resources */ = {isa = PBXBuildFile; fileRef = F08B6FCB1A1DE7F80094A35B /* matrixConsole.jpg */; };
		F08DB7811A9B7C9300B73403 /* PublicRoomTableCell.m in Sources */ = {isa = PBXBuildFile; fileRef = F08DB7801A9B7C9300B73403 /* PublicRoomTableCell.m */; };
		F08DCBDB1A093BFA008C65B6 /* MobileCoreServices.framework in Frameworks */ = {isa = PBXBuildFile; fileRef = F08DCBDA1A093BFA008C65B6 /* MobileCoreServices.framework */; };
		F08E67961A77965A00AABD4C /* MXC3PID.m in Sources */ = {isa = PBXBuildFile; fileRef = F08E67931A77965A00AABD4C /* MXC3PID.m */; };
		F0AC79331A8394510056D042 /* AuthInputsView.m in Sources */ = {isa = PBXBuildFile; fileRef = F0AC79321A8394510056D042 /* AuthInputsView.m */; };
		F0CEA5AE19E6895E00E47915 /* logoHighRes.png in Resources */ = {isa = PBXBuildFile; fileRef = F0CEA5AC19E6895E00E47915 /* logoHighRes.png */; };
		F0CEA5AF19E6895E00E47915 /* tab_recents.png in Resources */ = {isa = PBXBuildFile; fileRef = F0CEA5AD19E6895E00E47915 /* tab_recents.png */; };
		F0CEA5B119E6898800E47915 /* tab_home.ico in Resources */ = {isa = PBXBuildFile; fileRef = F0CEA5B019E6898800E47915 /* tab_home.ico */; };
		F0D3C30C1A011EF10000D49E /* AppSettings.m in Sources */ = {isa = PBXBuildFile; fileRef = F0D3C30B1A011EF10000D49E /* AppSettings.m */; };
		F0D3C30F1A01330F0000D49E /* SettingsTableViewCell.m in Sources */ = {isa = PBXBuildFile; fileRef = F0D3C30E1A01330F0000D49E /* SettingsTableViewCell.m */; };
		F0D942F61A31F3A300826CC1 /* RecentRoom.m in Sources */ = {isa = PBXBuildFile; fileRef = F0D942F51A31F3A300826CC1 /* RecentRoom.m */; };
		F0E84D401A1F9AEC005F2E42 /* RecentsTableViewCell.m in Sources */ = {isa = PBXBuildFile; fileRef = F0E84D3F1A1F9AEC005F2E42 /* RecentsTableViewCell.m */; };
		F0F148A81AB1BF01005F5D4A /* AudioToolbox.framework in Frameworks */ = {isa = PBXBuildFile; fileRef = F0F148A71AB1BF01005F5D4A /* AudioToolbox.framework */; };
		F0F90C691A32596700455977 /* icon_search.png in Resources */ = {isa = PBXBuildFile; fileRef = F0F90C681A32596700455977 /* icon_search.png */; };
		F0F90C6B1A325ABF00455977 /* icon_search@2x.png in Resources */ = {isa = PBXBuildFile; fileRef = F0F90C6A1A325ABF00455977 /* icon_search@2x.png */; };
/* End PBXBuildFile section */

/* Begin PBXContainerItemProxy section */
		F07A80EF19DD9DE700B621A1 /* PBXContainerItemProxy */ = {
			isa = PBXContainerItemProxy;
			containerPortal = F07A80CA19DD9DE700B621A1 /* Project object */;
			proxyType = 1;
			remoteGlobalIDString = F07A80D119DD9DE700B621A1;
			remoteInfo = matrixConsole;
		};
/* End PBXContainerItemProxy section */

/* Begin PBXFileReference section */
		13057A57E74FD5504196F47F /* Pods-matrixConsole.release.xcconfig */ = {isa = PBXFileReference; includeInIndex = 1; lastKnownFileType = text.xcconfig; name = "Pods-matrixConsole.release.xcconfig"; path = "Pods/Target Support Files/Pods-matrixConsole/Pods-matrixConsole.release.xcconfig"; sourceTree = "<group>"; };
		3198D9E21A68338B00556695 /* en */ = {isa = PBXFileReference; lastKnownFileType = text.plist.strings; name = en; path = en.lproj/Localizable.strings; sourceTree = "<group>"; };
		32501A991A9B978400C5938F /* MXCRegistrationWebView.h */ = {isa = PBXFileReference; fileEncoding = 4; lastKnownFileType = sourcecode.c.h; path = MXCRegistrationWebView.h; sourceTree = "<group>"; };
		32501A9A1A9B978400C5938F /* MXCRegistrationWebView.m */ = {isa = PBXFileReference; fileEncoding = 4; lastKnownFileType = sourcecode.c.objc; path = MXCRegistrationWebView.m; sourceTree = "<group>"; };
		710CA4BD1A7FBEDB00EEFB96 /* MXCViewController.h */ = {isa = PBXFileReference; fileEncoding = 4; lastKnownFileType = sourcecode.c.h; path = MXCViewController.h; sourceTree = "<group>"; };
		710CA4BE1A7FBEDB00EEFB96 /* MXCViewController.m */ = {isa = PBXFileReference; fileEncoding = 4; lastKnownFileType = sourcecode.c.objc; path = MXCViewController.m; sourceTree = "<group>"; };
		710CA4C01A7FBFED00EEFB96 /* RageShakableUIResponder.h */ = {isa = PBXFileReference; fileEncoding = 4; lastKnownFileType = sourcecode.c.h; path = RageShakableUIResponder.h; sourceTree = "<group>"; };
		710CA4C11A7FBFED00EEFB96 /* RageShakableUIResponder.m */ = {isa = PBXFileReference; fileEncoding = 4; lastKnownFileType = sourcecode.c.objc; path = RageShakableUIResponder.m; sourceTree = "<group>"; };
		710CA4C31A7FC27100EEFB96 /* MXCTableViewController.h */ = {isa = PBXFileReference; fileEncoding = 4; lastKnownFileType = sourcecode.c.h; path = MXCTableViewController.h; sourceTree = "<group>"; };
		710CA4C41A7FC27100EEFB96 /* MXCTableViewController.m */ = {isa = PBXFileReference; fileEncoding = 4; lastKnownFileType = sourcecode.c.objc; path = MXCTableViewController.m; sourceTree = "<group>"; };
		710CC3BE1A6E9F14006EE973 /* matrixUser.png */ = {isa = PBXFileReference; lastKnownFileType = image.png; path = matrixUser.png; sourceTree = "<group>"; };
		710CC3C01A70F28F006EE973 /* MXCContactField.h */ = {isa = PBXFileReference; fileEncoding = 4; lastKnownFileType = sourcecode.c.h; path = MXCContactField.h; sourceTree = "<group>"; };
		710CC3C11A70F28F006EE973 /* MXCContactField.m */ = {isa = PBXFileReference; fileEncoding = 4; lastKnownFileType = sourcecode.c.objc; path = MXCContactField.m; sourceTree = "<group>"; };
		71193D231A6D64F900E59A9E /* AddressBook.framework */ = {isa = PBXFileReference; lastKnownFileType = wrapper.framework; name = AddressBook.framework; path = System/Library/Frameworks/AddressBook.framework; sourceTree = SDKROOT; };
		71193D271A6E3DC000E59A9E /* ContactsViewController.h */ = {isa = PBXFileReference; fileEncoding = 4; lastKnownFileType = sourcecode.c.h; path = ContactsViewController.h; sourceTree = "<group>"; };
		71193D281A6E3DC000E59A9E /* ContactsViewController.m */ = {isa = PBXFileReference; fileEncoding = 4; lastKnownFileType = sourcecode.c.objc; path = ContactsViewController.m; sourceTree = "<group>"; };
		71193D2A1A6E433900E59A9E /* ContactTableCell.h */ = {isa = PBXFileReference; fileEncoding = 4; lastKnownFileType = sourcecode.c.h; path = ContactTableCell.h; sourceTree = "<group>"; };
		71193D2B1A6E433900E59A9E /* ContactTableCell.m */ = {isa = PBXFileReference; fileEncoding = 4; lastKnownFileType = sourcecode.c.objc; path = ContactTableCell.m; sourceTree = "<group>"; };
		71193D301A6E49F000E59A9E /* MXCContact.h */ = {isa = PBXFileReference; fileEncoding = 4; lastKnownFileType = sourcecode.c.h; path = MXCContact.h; sourceTree = "<group>"; };
		71193D311A6E49F000E59A9E /* MXCContact.m */ = {isa = PBXFileReference; fileEncoding = 4; lastKnownFileType = sourcecode.c.objc; path = MXCContact.m; sourceTree = "<group>"; };
		71193D321A6E49F000E59A9E /* MXCEmail.h */ = {isa = PBXFileReference; fileEncoding = 4; lastKnownFileType = sourcecode.c.h; path = MXCEmail.h; sourceTree = "<group>"; };
		71193D331A6E49F000E59A9E /* MXCEmail.m */ = {isa = PBXFileReference; fileEncoding = 4; lastKnownFileType = sourcecode.c.objc; path = MXCEmail.m; sourceTree = "<group>"; };
		71193D341A6E49F000E59A9E /* MXCPhoneNumber.h */ = {isa = PBXFileReference; fileEncoding = 4; lastKnownFileType = sourcecode.c.h; path = MXCPhoneNumber.h; sourceTree = "<group>"; };
		71193D351A6E49F000E59A9E /* MXCPhoneNumber.m */ = {isa = PBXFileReference; fileEncoding = 4; lastKnownFileType = sourcecode.c.objc; path = MXCPhoneNumber.m; sourceTree = "<group>"; };
		71193D391A6E50EC00E59A9E /* ContactManager.h */ = {isa = PBXFileReference; fileEncoding = 4; lastKnownFileType = sourcecode.c.h; path = ContactManager.h; sourceTree = "<group>"; };
		71193D3A1A6E50EC00E59A9E /* ContactManager.m */ = {isa = PBXFileReference; fileEncoding = 4; lastKnownFileType = sourcecode.c.objc; path = ContactManager.m; sourceTree = "<group>"; };
		71193D3C1A6E61AD00E59A9E /* SectionedContacts.h */ = {isa = PBXFileReference; fileEncoding = 4; lastKnownFileType = sourcecode.c.h; path = SectionedContacts.h; sourceTree = "<group>"; };
		71193D3D1A6E61AD00E59A9E /* SectionedContacts.m */ = {isa = PBXFileReference; fileEncoding = 4; lastKnownFileType = sourcecode.c.objc; path = SectionedContacts.m; sourceTree = "<group>"; };
		7176294A1A77F5D000927125 /* ContactDetailsViewController.h */ = {isa = PBXFileReference; fileEncoding = 4; lastKnownFileType = sourcecode.c.h; path = ContactDetailsViewController.h; sourceTree = "<group>"; };
		7176294B1A77F5D000927125 /* ContactDetailsViewController.m */ = {isa = PBXFileReference; fileEncoding = 4; lastKnownFileType = sourcecode.c.objc; path = ContactDetailsViewController.m; sourceTree = "<group>"; };
		7176294D1A77FED800927125 /* ContactDetailsTableCell.h */ = {isa = PBXFileReference; fileEncoding = 4; lastKnownFileType = sourcecode.c.h; path = ContactDetailsTableCell.h; sourceTree = "<group>"; };
		7176294E1A77FED800927125 /* ContactDetailsTableCell.m */ = {isa = PBXFileReference; fileEncoding = 4; lastKnownFileType = sourcecode.c.objc; path = ContactDetailsTableCell.m; sourceTree = "<group>"; };
		717629511A7A682A00927125 /* countryCodes.plist */ = {isa = PBXFileReference; fileEncoding = 4; lastKnownFileType = text.plist.xml; name = countryCodes.plist; path = Resources/countryCodes.plist; sourceTree = "<group>"; };
		71D2E4EA1A49814B000DE015 /* RoomMemberActionsCell.h */ = {isa = PBXFileReference; fileEncoding = 4; lastKnownFileType = sourcecode.c.h; path = RoomMemberActionsCell.h; sourceTree = "<group>"; };
		71D2E4EB1A49814B000DE015 /* RoomMemberActionsCell.m */ = {isa = PBXFileReference; fileEncoding = 4; lastKnownFileType = sourcecode.c.objc; path = RoomMemberActionsCell.m; sourceTree = "<group>"; };
		71DB9DBF1A495B6400504A09 /* MemberViewController.h */ = {isa = PBXFileReference; fileEncoding = 4; lastKnownFileType = sourcecode.c.h; path = MemberViewController.h; sourceTree = "<group>"; };
		71DB9DC01A495B6400504A09 /* MemberViewController.m */ = {isa = PBXFileReference; fileEncoding = 4; lastKnownFileType = sourcecode.c.objc; path = MemberViewController.m; sourceTree = "<group>"; };
		71E94A751A5C4020009F52E5 /* PieChartView.h */ = {isa = PBXFileReference; fileEncoding = 4; lastKnownFileType = sourcecode.c.h; path = PieChartView.h; sourceTree = "<group>"; };
		71E94A761A5C4020009F52E5 /* PieChartView.m */ = {isa = PBXFileReference; fileEncoding = 4; lastKnownFileType = sourcecode.c.objc; path = PieChartView.m; sourceTree = "<group>"; };
		8141B1E2401FFCC3C5B99234 /* libPods-matrixConsole.a */ = {isa = PBXFileReference; explicitFileType = archive.ar; includeInIndex = 0; path = "libPods-matrixConsole.a"; sourceTree = BUILT_PRODUCTS_DIR; };
		B7EC7E45C718BF2BBCE0CF48 /* Pods-matrixConsole.debug.xcconfig */ = {isa = PBXFileReference; includeInIndex = 1; lastKnownFileType = text.xcconfig; name = "Pods-matrixConsole.debug.xcconfig"; path = "Pods/Target Support Files/Pods-matrixConsole/Pods-matrixConsole.debug.xcconfig"; sourceTree = "<group>"; };
		F00B5DB71A1B9BCE00EA1C8D /* MXCImageView.h */ = {isa = PBXFileReference; fileEncoding = 4; lastKnownFileType = sourcecode.c.h; path = MXCImageView.h; sourceTree = "<group>"; };
		F00B5DB81A1B9BCE00EA1C8D /* MXCImageView.m */ = {isa = PBXFileReference; fileEncoding = 4; lastKnownFileType = sourcecode.c.objc; path = MXCImageView.m; sourceTree = "<group>"; };
		F013EEEB1A40D437002BB093 /* matrixConsole-Defaults.plist */ = {isa = PBXFileReference; fileEncoding = 4; lastKnownFileType = text.plist.xml; path = "matrixConsole-Defaults.plist"; sourceTree = "<group>"; };
		F01628BC19E29C660071C473 /* default-profile.png */ = {isa = PBXFileReference; lastKnownFileType = image.png; path = "default-profile.png"; sourceTree = "<group>"; };
		F01628BE19E29C660071C473 /* logo.png */ = {isa = PBXFileReference; lastKnownFileType = image.png; path = logo.png; sourceTree = "<group>"; };
		F01A0FF11A27314B009FAE2F /* RoomMessageComponent.h */ = {isa = PBXFileReference; fileEncoding = 4; lastKnownFileType = sourcecode.c.h; path = RoomMessageComponent.h; sourceTree = "<group>"; };
		F01A0FF21A27314B009FAE2F /* RoomMessageComponent.m */ = {isa = PBXFileReference; fileEncoding = 4; lastKnownFileType = sourcecode.c.objc; path = RoomMessageComponent.m; sourceTree = "<group>"; };
		F021FBED1A5EF57300EA3AE6 /* MediaLoader.h */ = {isa = PBXFileReference; fileEncoding = 4; lastKnownFileType = sourcecode.c.h; path = MediaLoader.h; sourceTree = "<group>"; };
		F021FBEE1A5EF57300EA3AE6 /* MediaLoader.m */ = {isa = PBXFileReference; fileEncoding = 4; lastKnownFileType = sourcecode.c.objc; path = MediaLoader.m; sourceTree = "<group>"; };
		F021FBF01A5F1F8E00EA3AE6 /* MediaManager.h */ = {isa = PBXFileReference; fileEncoding = 4; lastKnownFileType = sourcecode.c.h; path = MediaManager.h; sourceTree = "<group>"; };
		F021FBF11A5F1F8E00EA3AE6 /* MediaManager.m */ = {isa = PBXFileReference; fileEncoding = 4; lastKnownFileType = sourcecode.c.objc; path = MediaManager.m; sourceTree = "<group>"; };
		F024098119E7D177006E741B /* tab_recents@2x.png */ = {isa = PBXFileReference; lastKnownFileType = image.png; path = "tab_recents@2x.png"; sourceTree = "<group>"; };
		F02900B91A63C71E00356F7D /* MXCTools.h */ = {isa = PBXFileReference; fileEncoding = 4; lastKnownFileType = sourcecode.c.h; path = MXCTools.h; sourceTree = "<group>"; };
		F02900BA1A63C71E00356F7D /* MXCTools.m */ = {isa = PBXFileReference; fileEncoding = 4; lastKnownFileType = sourcecode.c.objc; path = MXCTools.m; sourceTree = "<group>"; };
		F02BCE221A1A5A2B00543B47 /* play.png */ = {isa = PBXFileReference; lastKnownFileType = image.png; path = play.png; sourceTree = "<group>"; };
		F02D707419F1DC9E007B47D3 /* RoomMemberTableCell.h */ = {isa = PBXFileReference; fileEncoding = 4; lastKnownFileType = sourcecode.c.h; path = RoomMemberTableCell.h; sourceTree = "<group>"; };
		F02D707519F1DC9E007B47D3 /* RoomMemberTableCell.m */ = {isa = PBXFileReference; fileEncoding = 4; lastKnownFileType = sourcecode.c.objc; path = RoomMemberTableCell.m; sourceTree = "<group>"; };
		F030974A1A6580D70090BC00 /* icon_keyboard.png */ = {isa = PBXFileReference; lastKnownFileType = image.png; path = icon_keyboard.png; sourceTree = "<group>"; };
		F030974B1A6580D70090BC00 /* icon_keyboard@2x.png */ = {isa = PBXFileReference; lastKnownFileType = image.png; path = "icon_keyboard@2x.png"; sourceTree = "<group>"; };
		F03EF5EA19F171EB00A0EE52 /* HomeViewController.h */ = {isa = PBXFileReference; fileEncoding = 4; lastKnownFileType = sourcecode.c.h; path = HomeViewController.h; sourceTree = "<group>"; };
		F03EF5EB19F171EB00A0EE52 /* HomeViewController.m */ = {isa = PBXFileReference; fileEncoding = 4; lastKnownFileType = sourcecode.c.objc; path = HomeViewController.m; sourceTree = "<group>"; };
		F03EF5EC19F171EB00A0EE52 /* AuthenticationViewController.h */ = {isa = PBXFileReference; fileEncoding = 4; lastKnownFileType = sourcecode.c.h; path = AuthenticationViewController.h; sourceTree = "<group>"; };
		F03EF5ED19F171EB00A0EE52 /* AuthenticationViewController.m */ = {isa = PBXFileReference; fileEncoding = 4; lastKnownFileType = sourcecode.c.objc; path = AuthenticationViewController.m; sourceTree = "<group>"; };
		F03EF5EE19F171EB00A0EE52 /* MasterTabBarController.h */ = {isa = PBXFileReference; fileEncoding = 4; lastKnownFileType = sourcecode.c.h; path = MasterTabBarController.h; sourceTree = "<group>"; };
		F03EF5EF19F171EB00A0EE52 /* MasterTabBarController.m */ = {isa = PBXFileReference; fileEncoding = 4; lastKnownFileType = sourcecode.c.objc; path = MasterTabBarController.m; sourceTree = "<group>"; };
		F03EF5F019F171EB00A0EE52 /* RecentsViewController.h */ = {isa = PBXFileReference; fileEncoding = 4; lastKnownFileType = sourcecode.c.h; path = RecentsViewController.h; sourceTree = "<group>"; };
		F03EF5F119F171EB00A0EE52 /* RecentsViewController.m */ = {isa = PBXFileReference; fileEncoding = 4; lastKnownFileType = sourcecode.c.objc; path = RecentsViewController.m; sourceTree = "<group>"; };
		F03EF5F219F171EB00A0EE52 /* RoomViewController.h */ = {isa = PBXFileReference; fileEncoding = 4; lastKnownFileType = sourcecode.c.h; path = RoomViewController.h; sourceTree = "<group>"; };
		F03EF5F319F171EB00A0EE52 /* RoomViewController.m */ = {isa = PBXFileReference; fileEncoding = 4; lastKnownFileType = sourcecode.c.objc; path = RoomViewController.m; sourceTree = "<group>"; };
		F03EF5F419F171EB00A0EE52 /* SettingsViewController.h */ = {isa = PBXFileReference; fileEncoding = 4; lastKnownFileType = sourcecode.c.h; path = SettingsViewController.h; sourceTree = "<group>"; };
		F03EF5F519F171EB00A0EE52 /* SettingsViewController.m */ = {isa = PBXFileReference; fileEncoding = 4; lastKnownFileType = sourcecode.c.objc; path = SettingsViewController.m; sourceTree = "<group>"; };
		F03EF5FD19F1762000A0EE52 /* RoomMessageTableCell.h */ = {isa = PBXFileReference; fileEncoding = 4; lastKnownFileType = sourcecode.c.h; path = RoomMessageTableCell.h; sourceTree = "<group>"; };
		F03EF5FE19F1762000A0EE52 /* RoomMessageTableCell.m */ = {isa = PBXFileReference; fileEncoding = 4; lastKnownFileType = sourcecode.c.objc; path = RoomMessageTableCell.m; sourceTree = "<group>"; };
		F0465AF81A251F85003639F9 /* RoomMessage.h */ = {isa = PBXFileReference; fileEncoding = 4; lastKnownFileType = sourcecode.c.h; path = RoomMessage.h; sourceTree = "<group>"; };
		F0465AF91A251F85003639F9 /* RoomMessage.m */ = {isa = PBXFileReference; fileEncoding = 4; lastKnownFileType = sourcecode.c.objc; path = RoomMessage.m; sourceTree = "<group>"; };
		F04A8AD61A3B3DF4008AC915 /* RoomTitleView.h */ = {isa = PBXFileReference; fileEncoding = 4; lastKnownFileType = sourcecode.c.h; path = RoomTitleView.h; sourceTree = "<group>"; };
		F04A8AD71A3B3DF4008AC915 /* RoomTitleView.m */ = {isa = PBXFileReference; fileEncoding = 4; lastKnownFileType = sourcecode.c.objc; path = RoomTitleView.m; sourceTree = "<group>"; };
		F04B2DA11A977A9B00EEA4C8 /* tab_settings.png */ = {isa = PBXFileReference; lastKnownFileType = image.png; path = tab_settings.png; sourceTree = "<group>"; };
		F04B2DA21A977A9B00EEA4C8 /* tab_settings@2x.png */ = {isa = PBXFileReference; lastKnownFileType = image.png; path = "tab_settings@2x.png"; sourceTree = "<group>"; };
		F05237781A7289F00079F3E0 /* APNSHandler.h */ = {isa = PBXFileReference; fileEncoding = 4; lastKnownFileType = sourcecode.c.h; path = APNSHandler.h; sourceTree = "<group>"; };
		F05237791A7289F00079F3E0 /* APNSHandler.m */ = {isa = PBXFileReference; fileEncoding = 4; lastKnownFileType = sourcecode.c.objc; path = APNSHandler.m; sourceTree = "<group>"; };
		F052377E1A728A010079F3E0 /* MXCAlert.h */ = {isa = PBXFileReference; fileEncoding = 4; lastKnownFileType = sourcecode.c.h; path = MXCAlert.h; sourceTree = "<group>"; };
		F052377F1A728A010079F3E0 /* MXCAlert.m */ = {isa = PBXFileReference; fileEncoding = 4; lastKnownFileType = sourcecode.c.objc; path = MXCAlert.m; sourceTree = "<group>"; };
		F05237811A728A0A0079F3E0 /* MXCGrowingTextView.h */ = {isa = PBXFileReference; fileEncoding = 4; lastKnownFileType = sourcecode.c.h; path = MXCGrowingTextView.h; sourceTree = "<group>"; };
		F05237821A728A0A0079F3E0 /* MXCGrowingTextView.m */ = {isa = PBXFileReference; fileEncoding = 4; lastKnownFileType = sourcecode.c.objc; path = MXCGrowingTextView.m; sourceTree = "<group>"; };
		F05C3A3C1A3F3D7F002B698E /* icon_users.png */ = {isa = PBXFileReference; lastKnownFileType = image.png; path = icon_users.png; sourceTree = "<group>"; };
		F05C3A3D1A3F3D7F002B698E /* icon_users@2x.png */ = {isa = PBXFileReference; lastKnownFileType = image.png; path = "icon_users@2x.png"; sourceTree = "<group>"; };
		F077E6471A72966F008D5AD5 /* MatrixSDKHandler.h */ = {isa = PBXFileReference; fileEncoding = 4; lastKnownFileType = sourcecode.c.h; path = MatrixSDKHandler.h; sourceTree = "<group>"; };
		F077E6481A72966F008D5AD5 /* MatrixSDKHandler.m */ = {isa = PBXFileReference; fileEncoding = 4; lastKnownFileType = sourcecode.c.objc; path = MatrixSDKHandler.m; sourceTree = "<group>"; };
		F07A80D219DD9DE700B621A1 /* matrixConsole.app */ = {isa = PBXFileReference; explicitFileType = wrapper.application; includeInIndex = 0; path = matrixConsole.app; sourceTree = BUILT_PRODUCTS_DIR; };
		F07A80D619DD9DE700B621A1 /* Info.plist */ = {isa = PBXFileReference; lastKnownFileType = text.plist.xml; path = Info.plist; sourceTree = "<group>"; };
		F07A80D719DD9DE700B621A1 /* main.m */ = {isa = PBXFileReference; lastKnownFileType = sourcecode.c.objc; path = main.m; sourceTree = "<group>"; };
		F07A80D919DD9DE700B621A1 /* AppDelegate.h */ = {isa = PBXFileReference; lastKnownFileType = sourcecode.c.h; path = AppDelegate.h; sourceTree = "<group>"; };
		F07A80DA19DD9DE700B621A1 /* AppDelegate.m */ = {isa = PBXFileReference; lastKnownFileType = sourcecode.c.objc; path = AppDelegate.m; sourceTree = "<group>"; };
		F07A80E319DD9DE700B621A1 /* Base */ = {isa = PBXFileReference; lastKnownFileType = file.storyboard; name = Base; path = Base.lproj/Main.storyboard; sourceTree = "<group>"; };
		F07A80E519DD9DE700B621A1 /* Images.xcassets */ = {isa = PBXFileReference; lastKnownFileType = folder.assetcatalog; path = Images.xcassets; sourceTree = "<group>"; };
		F07A80E819DD9DE700B621A1 /* Base */ = {isa = PBXFileReference; lastKnownFileType = file.xib; name = Base; path = Base.lproj/LaunchScreen.xib; sourceTree = "<group>"; };
		F07A80EE19DD9DE700B621A1 /* matrixConsoleTests.xctest */ = {isa = PBXFileReference; explicitFileType = wrapper.cfbundle; includeInIndex = 0; path = matrixConsoleTests.xctest; sourceTree = BUILT_PRODUCTS_DIR; };
		F07A80F319DD9DE700B621A1 /* Info.plist */ = {isa = PBXFileReference; lastKnownFileType = text.plist.xml; path = Info.plist; sourceTree = "<group>"; };
		F07A80F419DD9DE700B621A1 /* matrixConsoleTests.m */ = {isa = PBXFileReference; lastKnownFileType = sourcecode.c.objc; path = matrixConsoleTests.m; sourceTree = "<group>"; };
		F08B6FCB1A1DE7F80094A35B /* matrixConsole.jpg */ = {isa = PBXFileReference; lastKnownFileType = image.jpeg; path = matrixConsole.jpg; sourceTree = "<group>"; };
		F08DB77F1A9B7C9300B73403 /* PublicRoomTableCell.h */ = {isa = PBXFileReference; fileEncoding = 4; lastKnownFileType = sourcecode.c.h; path = PublicRoomTableCell.h; sourceTree = "<group>"; };
		F08DB7801A9B7C9300B73403 /* PublicRoomTableCell.m */ = {isa = PBXFileReference; fileEncoding = 4; lastKnownFileType = sourcecode.c.objc; path = PublicRoomTableCell.m; sourceTree = "<group>"; };
		F08DCBDA1A093BFA008C65B6 /* MobileCoreServices.framework */ = {isa = PBXFileReference; lastKnownFileType = wrapper.framework; name = MobileCoreServices.framework; path = System/Library/Frameworks/MobileCoreServices.framework; sourceTree = SDKROOT; };
		F08E67921A77965A00AABD4C /* MXC3PID.h */ = {isa = PBXFileReference; fileEncoding = 4; lastKnownFileType = sourcecode.c.h; path = MXC3PID.h; sourceTree = "<group>"; };
		F08E67931A77965A00AABD4C /* MXC3PID.m */ = {isa = PBXFileReference; fileEncoding = 4; lastKnownFileType = sourcecode.c.objc; path = MXC3PID.m; sourceTree = "<group>"; };
		F0AC79311A8394510056D042 /* AuthInputsView.h */ = {isa = PBXFileReference; fileEncoding = 4; lastKnownFileType = sourcecode.c.h; path = AuthInputsView.h; sourceTree = "<group>"; };
		F0AC79321A8394510056D042 /* AuthInputsView.m */ = {isa = PBXFileReference; fileEncoding = 4; lastKnownFileType = sourcecode.c.objc; path = AuthInputsView.m; sourceTree = "<group>"; };
		F0CEA5AC19E6895E00E47915 /* logoHighRes.png */ = {isa = PBXFileReference; lastKnownFileType = image.png; path = logoHighRes.png; sourceTree = "<group>"; };
		F0CEA5AD19E6895E00E47915 /* tab_recents.png */ = {isa = PBXFileReference; lastKnownFileType = image.png; path = tab_recents.png; sourceTree = "<group>"; };
		F0CEA5B019E6898800E47915 /* tab_home.ico */ = {isa = PBXFileReference; lastKnownFileType = image.ico; path = tab_home.ico; sourceTree = "<group>"; };
		F0D3C30A1A011EF10000D49E /* AppSettings.h */ = {isa = PBXFileReference; fileEncoding = 4; lastKnownFileType = sourcecode.c.h; path = AppSettings.h; sourceTree = "<group>"; };
		F0D3C30B1A011EF10000D49E /* AppSettings.m */ = {isa = PBXFileReference; fileEncoding = 4; lastKnownFileType = sourcecode.c.objc; path = AppSettings.m; sourceTree = "<group>"; };
		F0D3C30D1A01330F0000D49E /* SettingsTableViewCell.h */ = {isa = PBXFileReference; fileEncoding = 4; lastKnownFileType = sourcecode.c.h; path = SettingsTableViewCell.h; sourceTree = "<group>"; };
		F0D3C30E1A01330F0000D49E /* SettingsTableViewCell.m */ = {isa = PBXFileReference; fileEncoding = 4; lastKnownFileType = sourcecode.c.objc; path = SettingsTableViewCell.m; sourceTree = "<group>"; };
		F0D942F41A31F3A300826CC1 /* RecentRoom.h */ = {isa = PBXFileReference; fileEncoding = 4; lastKnownFileType = sourcecode.c.h; path = RecentRoom.h; sourceTree = "<group>"; };
		F0D942F51A31F3A300826CC1 /* RecentRoom.m */ = {isa = PBXFileReference; fileEncoding = 4; lastKnownFileType = sourcecode.c.objc; path = RecentRoom.m; sourceTree = "<group>"; };
		F0E84D3E1A1F9AEC005F2E42 /* RecentsTableViewCell.h */ = {isa = PBXFileReference; fileEncoding = 4; lastKnownFileType = sourcecode.c.h; path = RecentsTableViewCell.h; sourceTree = "<group>"; };
		F0E84D3F1A1F9AEC005F2E42 /* RecentsTableViewCell.m */ = {isa = PBXFileReference; fileEncoding = 4; lastKnownFileType = sourcecode.c.objc; path = RecentsTableViewCell.m; sourceTree = "<group>"; };
		F0F148A71AB1BF01005F5D4A /* AudioToolbox.framework */ = {isa = PBXFileReference; lastKnownFileType = wrapper.framework; name = AudioToolbox.framework; path = System/Library/Frameworks/AudioToolbox.framework; sourceTree = SDKROOT; };
		F0F90C681A32596700455977 /* icon_search.png */ = {isa = PBXFileReference; lastKnownFileType = image.png; path = icon_search.png; sourceTree = "<group>"; };
		F0F90C6A1A325ABF00455977 /* icon_search@2x.png */ = {isa = PBXFileReference; lastKnownFileType = image.png; path = "icon_search@2x.png"; sourceTree = "<group>"; };
/* End PBXFileReference section */

/* Begin PBXFrameworksBuildPhase section */
		F07A80CF19DD9DE700B621A1 /* Frameworks */ = {
			isa = PBXFrameworksBuildPhase;
			buildActionMask = 2147483647;
			files = (
				F0F148A81AB1BF01005F5D4A /* AudioToolbox.framework in Frameworks */,
				71193D241A6D64F900E59A9E /* AddressBook.framework in Frameworks */,
				F08DCBDB1A093BFA008C65B6 /* MobileCoreServices.framework in Frameworks */,
				D648B86A591308736E2D4078 /* libPods-matrixConsole.a in Frameworks */,
			);
			runOnlyForDeploymentPostprocessing = 0;
		};
		F07A80EB19DD9DE700B621A1 /* Frameworks */ = {
			isa = PBXFrameworksBuildPhase;
			buildActionMask = 2147483647;
			files = (
			);
			runOnlyForDeploymentPostprocessing = 0;
		};
/* End PBXFrameworksBuildPhase section */

/* Begin PBXGroup section */
		717629501A7A681B00927125 /* Resources */ = {
			isa = PBXGroup;
			children = (
				717629511A7A682A00927125 /* countryCodes.plist */,
			);
			name = Resources;
			sourceTree = "<group>";
		};
		B18A10A9FB884DD357EBD414 /* Pods */ = {
			isa = PBXGroup;
			children = (
				B7EC7E45C718BF2BBCE0CF48 /* Pods-matrixConsole.debug.xcconfig */,
				13057A57E74FD5504196F47F /* Pods-matrixConsole.release.xcconfig */,
			);
			name = Pods;
			sourceTree = "<group>";
		};
		EAA71E3C2B16D1D86B3F5100 /* Frameworks */ = {
			isa = PBXGroup;
			children = (
				F0F148A71AB1BF01005F5D4A /* AudioToolbox.framework */,
				71193D231A6D64F900E59A9E /* AddressBook.framework */,
				F08DCBDA1A093BFA008C65B6 /* MobileCoreServices.framework */,
				8141B1E2401FFCC3C5B99234 /* libPods-matrixConsole.a */,
			);
			name = Frameworks;
			sourceTree = "<group>";
		};
		F01628B519E298710071C473 /* Assets */ = {
			isa = PBXGroup;
			children = (
				710CC3BE1A6E9F14006EE973 /* matrixUser.png */,
				F030974A1A6580D70090BC00 /* icon_keyboard.png */,
				F030974B1A6580D70090BC00 /* icon_keyboard@2x.png */,
				F05C3A3C1A3F3D7F002B698E /* icon_users.png */,
				F05C3A3D1A3F3D7F002B698E /* icon_users@2x.png */,
				F0F90C6A1A325ABF00455977 /* icon_search@2x.png */,
				F0F90C681A32596700455977 /* icon_search.png */,
				F08B6FCB1A1DE7F80094A35B /* matrixConsole.jpg */,
				F02BCE221A1A5A2B00543B47 /* play.png */,
				F024098119E7D177006E741B /* tab_recents@2x.png */,
				F0CEA5B019E6898800E47915 /* tab_home.ico */,
				F0CEA5AD19E6895E00E47915 /* tab_recents.png */,
				F04B2DA11A977A9B00EEA4C8 /* tab_settings.png */,
				F04B2DA21A977A9B00EEA4C8 /* tab_settings@2x.png */,
				F01628BC19E29C660071C473 /* default-profile.png */,
				F01628BE19E29C660071C473 /* logo.png */,
				F0CEA5AC19E6895E00E47915 /* logoHighRes.png */,
				3198D9E31A68338B00556695 /* Localizable.strings */,
			);
			path = Assets;
			sourceTree = "<group>";
		};
		F021FBEC1A5EF57300EA3AE6 /* API */ = {
			isa = PBXGroup;
			children = (
				F077E6471A72966F008D5AD5 /* MatrixSDKHandler.h */,
				F077E6481A72966F008D5AD5 /* MatrixSDKHandler.m */,
				F05237781A7289F00079F3E0 /* APNSHandler.h */,
				F05237791A7289F00079F3E0 /* APNSHandler.m */,
				71193D391A6E50EC00E59A9E /* ContactManager.h */,
				71193D3A1A6E50EC00E59A9E /* ContactManager.m */,
				F021FBED1A5EF57300EA3AE6 /* MediaLoader.h */,
				F021FBEE1A5EF57300EA3AE6 /* MediaLoader.m */,
				F021FBF01A5F1F8E00EA3AE6 /* MediaManager.h */,
				F021FBF11A5F1F8E00EA3AE6 /* MediaManager.m */,
				F02900B91A63C71E00356F7D /* MXCTools.h */,
				F02900BA1A63C71E00356F7D /* MXCTools.m */,
			);
			path = API;
			sourceTree = "<group>";
		};
		F03EF5E919F171EB00A0EE52 /* ViewController */ = {
			isa = PBXGroup;
			children = (
				F03EF5EC19F171EB00A0EE52 /* AuthenticationViewController.h */,
				F03EF5ED19F171EB00A0EE52 /* AuthenticationViewController.m */,
				7176294A1A77F5D000927125 /* ContactDetailsViewController.h */,
				7176294B1A77F5D000927125 /* ContactDetailsViewController.m */,
				71193D271A6E3DC000E59A9E /* ContactsViewController.h */,
				71193D281A6E3DC000E59A9E /* ContactsViewController.m */,
				F03EF5EA19F171EB00A0EE52 /* HomeViewController.h */,
				F03EF5EB19F171EB00A0EE52 /* HomeViewController.m */,
				F03EF5EE19F171EB00A0EE52 /* MasterTabBarController.h */,
				F03EF5EF19F171EB00A0EE52 /* MasterTabBarController.m */,
				71DB9DBF1A495B6400504A09 /* MemberViewController.h */,
				71DB9DC01A495B6400504A09 /* MemberViewController.m */,
				710CA4C31A7FC27100EEFB96 /* MXCTableViewController.h */,
				710CA4C41A7FC27100EEFB96 /* MXCTableViewController.m */,
				710CA4BD1A7FBEDB00EEFB96 /* MXCViewController.h */,
				710CA4BE1A7FBEDB00EEFB96 /* MXCViewController.m */,
				F03EF5F019F171EB00A0EE52 /* RecentsViewController.h */,
				F03EF5F119F171EB00A0EE52 /* RecentsViewController.m */,
				F03EF5F219F171EB00A0EE52 /* RoomViewController.h */,
				F03EF5F319F171EB00A0EE52 /* RoomViewController.m */,
				F03EF5F419F171EB00A0EE52 /* SettingsViewController.h */,
				F03EF5F519F171EB00A0EE52 /* SettingsViewController.m */,
			);
			path = ViewController;
			sourceTree = "<group>";
		};
		F03EF5FC19F1762000A0EE52 /* View */ = {
			isa = PBXGroup;
			children = (
				F0AC79311A8394510056D042 /* AuthInputsView.h */,
				F0AC79321A8394510056D042 /* AuthInputsView.m */,
				7176294D1A77FED800927125 /* ContactDetailsTableCell.h */,
				7176294E1A77FED800927125 /* ContactDetailsTableCell.m */,
				71193D2A1A6E433900E59A9E /* ContactTableCell.h */,
				71193D2B1A6E433900E59A9E /* ContactTableCell.m */,
				F05237811A728A0A0079F3E0 /* MXCGrowingTextView.h */,
				F05237821A728A0A0079F3E0 /* MXCGrowingTextView.m */,
				F00B5DB71A1B9BCE00EA1C8D /* MXCImageView.h */,
				F00B5DB81A1B9BCE00EA1C8D /* MXCImageView.m */,
				32501A991A9B978400C5938F /* MXCRegistrationWebView.h */,
				32501A9A1A9B978400C5938F /* MXCRegistrationWebView.m */,
				71E94A751A5C4020009F52E5 /* PieChartView.h */,
				71E94A761A5C4020009F52E5 /* PieChartView.m */,
				F08DB77F1A9B7C9300B73403 /* PublicRoomTableCell.h */,
				F08DB7801A9B7C9300B73403 /* PublicRoomTableCell.m */,
				F0E84D3E1A1F9AEC005F2E42 /* RecentsTableViewCell.h */,
				F0E84D3F1A1F9AEC005F2E42 /* RecentsTableViewCell.m */,
				71D2E4EA1A49814B000DE015 /* RoomMemberActionsCell.h */,
				71D2E4EB1A49814B000DE015 /* RoomMemberActionsCell.m */,
				F02D707419F1DC9E007B47D3 /* RoomMemberTableCell.h */,
				F02D707519F1DC9E007B47D3 /* RoomMemberTableCell.m */,
				F03EF5FD19F1762000A0EE52 /* RoomMessageTableCell.h */,
				F03EF5FE19F1762000A0EE52 /* RoomMessageTableCell.m */,
				F04A8AD61A3B3DF4008AC915 /* RoomTitleView.h */,
				F04A8AD71A3B3DF4008AC915 /* RoomTitleView.m */,
				F0D3C30D1A01330F0000D49E /* SettingsTableViewCell.h */,
				F0D3C30E1A01330F0000D49E /* SettingsTableViewCell.m */,
			);
			path = View;
			sourceTree = "<group>";
		};
		F0465AF71A251F85003639F9 /* Model */ = {
			isa = PBXGroup;
			children = (
				F08E67921A77965A00AABD4C /* MXC3PID.h */,
				F08E67931A77965A00AABD4C /* MXC3PID.m */,
				F052377E1A728A010079F3E0 /* MXCAlert.h */,
				F052377F1A728A010079F3E0 /* MXCAlert.m */,
				71193D301A6E49F000E59A9E /* MXCContact.h */,
				71193D311A6E49F000E59A9E /* MXCContact.m */,
				710CC3C01A70F28F006EE973 /* MXCContactField.h */,
				710CC3C11A70F28F006EE973 /* MXCContactField.m */,
				71193D321A6E49F000E59A9E /* MXCEmail.h */,
				71193D331A6E49F000E59A9E /* MXCEmail.m */,
				71193D341A6E49F000E59A9E /* MXCPhoneNumber.h */,
				71193D351A6E49F000E59A9E /* MXCPhoneNumber.m */,
				710CA4C01A7FBFED00EEFB96 /* RageShakableUIResponder.h */,
				710CA4C11A7FBFED00EEFB96 /* RageShakableUIResponder.m */,
				F0D942F41A31F3A300826CC1 /* RecentRoom.h */,
				F0D942F51A31F3A300826CC1 /* RecentRoom.m */,
				F0465AF81A251F85003639F9 /* RoomMessage.h */,
				F0465AF91A251F85003639F9 /* RoomMessage.m */,
				F01A0FF11A27314B009FAE2F /* RoomMessageComponent.h */,
				F01A0FF21A27314B009FAE2F /* RoomMessageComponent.m */,
				71193D3C1A6E61AD00E59A9E /* SectionedContacts.h */,
				71193D3D1A6E61AD00E59A9E /* SectionedContacts.m */,
			);
			path = Model;
			sourceTree = "<group>";
		};
		F07A80C919DD9DE700B621A1 = {
			isa = PBXGroup;
			children = (
				F07A80D419DD9DE700B621A1 /* matrixConsole */,
				F07A80F119DD9DE700B621A1 /* matrixConsoleTests */,
				F07A80D319DD9DE700B621A1 /* Products */,
				B18A10A9FB884DD357EBD414 /* Pods */,
				EAA71E3C2B16D1D86B3F5100 /* Frameworks */,
			);
			sourceTree = "<group>";
		};
		F07A80D319DD9DE700B621A1 /* Products */ = {
			isa = PBXGroup;
			children = (
				F07A80D219DD9DE700B621A1 /* matrixConsole.app */,
				F07A80EE19DD9DE700B621A1 /* matrixConsoleTests.xctest */,
			);
			name = Products;
			sourceTree = "<group>";
		};
		F07A80D419DD9DE700B621A1 /* matrixConsole */ = {
			isa = PBXGroup;
			children = (
				717629501A7A681B00927125 /* Resources */,
				F021FBEC1A5EF57300EA3AE6 /* API */,
				F0465AF71A251F85003639F9 /* Model */,
				F03EF5FC19F1762000A0EE52 /* View */,
				F03EF5E919F171EB00A0EE52 /* ViewController */,
				F07A80D919DD9DE700B621A1 /* AppDelegate.h */,
				F07A80DA19DD9DE700B621A1 /* AppDelegate.m */,
				F0D3C30A1A011EF10000D49E /* AppSettings.h */,
				F0D3C30B1A011EF10000D49E /* AppSettings.m */,
				F07A80E219DD9DE700B621A1 /* Main.storyboard */,
				F07A80E519DD9DE700B621A1 /* Images.xcassets */,
				F07A80E719DD9DE700B621A1 /* LaunchScreen.xib */,
				F01628B519E298710071C473 /* Assets */,
				F07A80D519DD9DE700B621A1 /* Supporting Files */,
			);
			path = matrixConsole;
			sourceTree = "<group>";
		};
		F07A80D519DD9DE700B621A1 /* Supporting Files */ = {
			isa = PBXGroup;
			children = (
				F013EEEB1A40D437002BB093 /* matrixConsole-Defaults.plist */,
				F07A80D619DD9DE700B621A1 /* Info.plist */,
				F07A80D719DD9DE700B621A1 /* main.m */,
			);
			name = "Supporting Files";
			sourceTree = "<group>";
		};
		F07A80F119DD9DE700B621A1 /* matrixConsoleTests */ = {
			isa = PBXGroup;
			children = (
				F07A80F419DD9DE700B621A1 /* matrixConsoleTests.m */,
				F07A80F219DD9DE700B621A1 /* Supporting Files */,
			);
			path = matrixConsoleTests;
			sourceTree = "<group>";
		};
		F07A80F219DD9DE700B621A1 /* Supporting Files */ = {
			isa = PBXGroup;
			children = (
				F07A80F319DD9DE700B621A1 /* Info.plist */,
			);
			name = "Supporting Files";
			sourceTree = "<group>";
		};
/* End PBXGroup section */

/* Begin PBXNativeTarget section */
		F07A80D119DD9DE700B621A1 /* matrixConsole */ = {
			isa = PBXNativeTarget;
			buildConfigurationList = F07A80F819DD9DE700B621A1 /* Build configuration list for PBXNativeTarget "matrixConsole" */;
			buildPhases = (
				A063750719371855C7755702 /* Check Pods Manifest.lock */,
				F07A80CE19DD9DE700B621A1 /* Sources */,
				F07A80CF19DD9DE700B621A1 /* Frameworks */,
				F07A80D019DD9DE700B621A1 /* Resources */,
				3496B335A95D95AB2A8DCEF4 /* Copy Pods Resources */,
			);
			buildRules = (
			);
			dependencies = (
			);
			name = matrixConsole;
			productName = matrixConsole;
			productReference = F07A80D219DD9DE700B621A1 /* matrixConsole.app */;
			productType = "com.apple.product-type.application";
		};
		F07A80ED19DD9DE700B621A1 /* matrixConsoleTests */ = {
			isa = PBXNativeTarget;
			buildConfigurationList = F07A80FB19DD9DE700B621A1 /* Build configuration list for PBXNativeTarget "matrixConsoleTests" */;
			buildPhases = (
				F07A80EA19DD9DE700B621A1 /* Sources */,
				F07A80EB19DD9DE700B621A1 /* Frameworks */,
				F07A80EC19DD9DE700B621A1 /* Resources */,
			);
			buildRules = (
			);
			dependencies = (
				F07A80F019DD9DE700B621A1 /* PBXTargetDependency */,
			);
			name = matrixConsoleTests;
			productName = matrixConsoleTests;
			productReference = F07A80EE19DD9DE700B621A1 /* matrixConsoleTests.xctest */;
			productType = "com.apple.product-type.bundle.unit-test";
		};
/* End PBXNativeTarget section */

/* Begin PBXProject section */
		F07A80CA19DD9DE700B621A1 /* Project object */ = {
			isa = PBXProject;
			attributes = {
				LastUpgradeCheck = 0600;
				ORGANIZATIONNAME = matrix.org;
				TargetAttributes = {
					F07A80D119DD9DE700B621A1 = {
						CreatedOnToolsVersion = 6.0;
					};
					F07A80ED19DD9DE700B621A1 = {
						CreatedOnToolsVersion = 6.0;
						TestTargetID = F07A80D119DD9DE700B621A1;
					};
				};
			};
			buildConfigurationList = F07A80CD19DD9DE700B621A1 /* Build configuration list for PBXProject "matrixConsole" */;
			compatibilityVersion = "Xcode 3.2";
			developmentRegion = English;
			hasScannedForEncodings = 0;
			knownRegions = (
				en,
				Base,
			);
			mainGroup = F07A80C919DD9DE700B621A1;
			productRefGroup = F07A80D319DD9DE700B621A1 /* Products */;
			projectDirPath = "";
			projectRoot = "";
			targets = (
				F07A80D119DD9DE700B621A1 /* matrixConsole */,
				F07A80ED19DD9DE700B621A1 /* matrixConsoleTests */,
			);
		};
/* End PBXProject section */

/* Begin PBXResourcesBuildPhase section */
		F07A80D019DD9DE700B621A1 /* Resources */ = {
			isa = PBXResourcesBuildPhase;
			buildActionMask = 2147483647;
			files = (
				F024098219E7D177006E741B /* tab_recents@2x.png in Resources */,
				F02BCE231A1A5A2B00543B47 /* play.png in Resources */,
				F07A80E419DD9DE700B621A1 /* Main.storyboard in Resources */,
				F013EEEC1A40D437002BB093 /* matrixConsole-Defaults.plist in Resources */,
				F07A80E919DD9DE700B621A1 /* LaunchScreen.xib in Resources */,
				F04B2DA51A977A9B00EEA4C8 /* tab_settings.png in Resources */,
				F0CEA5AF19E6895E00E47915 /* tab_recents.png in Resources */,
				F030974D1A6580D70090BC00 /* icon_keyboard@2x.png in Resources */,
				717629521A7A682A00927125 /* countryCodes.plist in Resources */,
				710CC3BF1A6E9F14006EE973 /* matrixUser.png in Resources */,
				F030974C1A6580D70090BC00 /* icon_keyboard.png in Resources */,
				F05C3A3F1A3F3D7F002B698E /* icon_users@2x.png in Resources */,
				F01628C319E29C660071C473 /* logo.png in Resources */,
				F01628C119E29C660071C473 /* default-profile.png in Resources */,
				F05C3A3E1A3F3D7F002B698E /* icon_users.png in Resources */,
				F0F90C6B1A325ABF00455977 /* icon_search@2x.png in Resources */,
				F0CEA5AE19E6895E00E47915 /* logoHighRes.png in Resources */,
				F0F90C691A32596700455977 /* icon_search.png in Resources */,
				F0CEA5B119E6898800E47915 /* tab_home.ico in Resources */,
				3198D9E11A68338B00556695 /* Localizable.strings in Resources */,
				F07A80E619DD9DE700B621A1 /* Images.xcassets in Resources */,
				F08B6FCC1A1DE7F80094A35B /* matrixConsole.jpg in Resources */,
				F04B2DA61A977A9B00EEA4C8 /* tab_settings@2x.png in Resources */,
			);
			runOnlyForDeploymentPostprocessing = 0;
		};
		F07A80EC19DD9DE700B621A1 /* Resources */ = {
			isa = PBXResourcesBuildPhase;
			buildActionMask = 2147483647;
			files = (
			);
			runOnlyForDeploymentPostprocessing = 0;
		};
/* End PBXResourcesBuildPhase section */

/* Begin PBXShellScriptBuildPhase section */
		3496B335A95D95AB2A8DCEF4 /* Copy Pods Resources */ = {
			isa = PBXShellScriptBuildPhase;
			buildActionMask = 2147483647;
			files = (
			);
			inputPaths = (
			);
			name = "Copy Pods Resources";
			outputPaths = (
			);
			runOnlyForDeploymentPostprocessing = 0;
			shellPath = /bin/sh;
			shellScript = "\"${SRCROOT}/Pods/Target Support Files/Pods-matrixConsole/Pods-matrixConsole-resources.sh\"\n";
			showEnvVarsInLog = 0;
		};
		A063750719371855C7755702 /* Check Pods Manifest.lock */ = {
			isa = PBXShellScriptBuildPhase;
			buildActionMask = 2147483647;
			files = (
			);
			inputPaths = (
			);
			name = "Check Pods Manifest.lock";
			outputPaths = (
			);
			runOnlyForDeploymentPostprocessing = 0;
			shellPath = /bin/sh;
			shellScript = "diff \"${PODS_ROOT}/../Podfile.lock\" \"${PODS_ROOT}/Manifest.lock\" > /dev/null\nif [[ $? != 0 ]] ; then\n    cat << EOM\nerror: The sandbox is not in sync with the Podfile.lock. Run 'pod install' or update your CocoaPods installation.\nEOM\n    exit 1\nfi\n";
			showEnvVarsInLog = 0;
		};
/* End PBXShellScriptBuildPhase section */

/* Begin PBXSourcesBuildPhase section */
		F07A80CE19DD9DE700B621A1 /* Sources */ = {
			isa = PBXSourcesBuildPhase;
			buildActionMask = 2147483647;
			files = (
				710CA4BF1A7FBEDB00EEFB96 /* MXCViewController.m in Sources */,
				7176294F1A77FED800927125 /* ContactDetailsTableCell.m in Sources */,
				F04A8AD81A3B3DF4008AC915 /* RoomTitleView.m in Sources */,
				32501A9B1A9B978400C5938F /* MXCRegistrationWebView.m in Sources */,
				F07A80DB19DD9DE700B621A1 /* AppDelegate.m in Sources */,
				F08DB7811A9B7C9300B73403 /* PublicRoomTableCell.m in Sources */,
				F052377C1A7289F00079F3E0 /* APNSHandler.m in Sources */,
				F03EF5FF19F1762000A0EE52 /* RoomMessageTableCell.m in Sources */,
				F07A80D819DD9DE700B621A1 /* main.m in Sources */,
				71193D371A6E49F000E59A9E /* MXCEmail.m in Sources */,
				F077E6491A72966F008D5AD5 /* MatrixSDKHandler.m in Sources */,
				71193D3E1A6E61AD00E59A9E /* SectionedContacts.m in Sources */,
				F021FBEF1A5EF57300EA3AE6 /* MediaLoader.m in Sources */,
				F03EF5FB19F171EB00A0EE52 /* SettingsViewController.m in Sources */,
				F02900BB1A63C71E00356F7D /* MXCTools.m in Sources */,
				71193D361A6E49F000E59A9E /* MXCContact.m in Sources */,
				710CC3C21A70F28F006EE973 /* MXCContactField.m in Sources */,
				F01A0FF31A27314B009FAE2F /* RoomMessageComponent.m in Sources */,
				F03EF5FA19F171EB00A0EE52 /* RoomViewController.m in Sources */,
				F03EF5F819F171EB00A0EE52 /* MasterTabBarController.m in Sources */,
				710CA4C21A7FBFED00EEFB96 /* RageShakableUIResponder.m in Sources */,
				710CA4C51A7FC27100EEFB96 /* MXCTableViewController.m in Sources */,
				F03EF5F619F171EB00A0EE52 /* HomeViewController.m in Sources */,
				71DB9DC11A495B6400504A09 /* MemberViewController.m in Sources */,
				F0D942F61A31F3A300826CC1 /* RecentRoom.m in Sources */,
				F03EF5F919F171EB00A0EE52 /* RecentsViewController.m in Sources */,
				F08E67961A77965A00AABD4C /* MXC3PID.m in Sources */,
				71E94A771A5C4020009F52E5 /* PieChartView.m in Sources */,
				F0465AFA1A251F85003639F9 /* RoomMessage.m in Sources */,
				F021FBF21A5F1F8E00EA3AE6 /* MediaManager.m in Sources */,
				71193D291A6E3DC000E59A9E /* ContactsViewController.m in Sources */,
				F0E84D401A1F9AEC005F2E42 /* RecentsTableViewCell.m in Sources */,
				71193D381A6E49F000E59A9E /* MXCPhoneNumber.m in Sources */,
				71193D3B1A6E50EC00E59A9E /* ContactManager.m in Sources */,
				71193D2C1A6E433900E59A9E /* ContactTableCell.m in Sources */,
				F02D707619F1DC9E007B47D3 /* RoomMemberTableCell.m in Sources */,
				F05237801A728A010079F3E0 /* MXCAlert.m in Sources */,
				F00B5DB91A1B9BCE00EA1C8D /* MXCImageView.m in Sources */,
				F0D3C30C1A011EF10000D49E /* AppSettings.m in Sources */,
				F05237831A728A0A0079F3E0 /* MXCGrowingTextView.m in Sources */,
				7176294C1A77F5D000927125 /* ContactDetailsViewController.m in Sources */,
				F03EF5F719F171EB00A0EE52 /* AuthenticationViewController.m in Sources */,
				F0D3C30F1A01330F0000D49E /* SettingsTableViewCell.m in Sources */,
				71D2E4EC1A49814B000DE015 /* RoomMemberActionsCell.m in Sources */,
				F0AC79331A8394510056D042 /* AuthInputsView.m in Sources */,
			);
			runOnlyForDeploymentPostprocessing = 0;
		};
		F07A80EA19DD9DE700B621A1 /* Sources */ = {
			isa = PBXSourcesBuildPhase;
			buildActionMask = 2147483647;
			files = (
				F07A80F519DD9DE700B621A1 /* matrixConsoleTests.m in Sources */,
			);
			runOnlyForDeploymentPostprocessing = 0;
		};
/* End PBXSourcesBuildPhase section */

/* Begin PBXTargetDependency section */
		F07A80F019DD9DE700B621A1 /* PBXTargetDependency */ = {
			isa = PBXTargetDependency;
			target = F07A80D119DD9DE700B621A1 /* matrixConsole */;
			targetProxy = F07A80EF19DD9DE700B621A1 /* PBXContainerItemProxy */;
		};
/* End PBXTargetDependency section */

/* Begin PBXVariantGroup section */
		3198D9E31A68338B00556695 /* Localizable.strings */ = {
			isa = PBXVariantGroup;
			children = (
				3198D9E21A68338B00556695 /* en */,
			);
			name = Localizable.strings;
			sourceTree = "<group>";
		};
		F07A80E219DD9DE700B621A1 /* Main.storyboard */ = {
			isa = PBXVariantGroup;
			children = (
				F07A80E319DD9DE700B621A1 /* Base */,
			);
			name = Main.storyboard;
			sourceTree = "<group>";
		};
		F07A80E719DD9DE700B621A1 /* LaunchScreen.xib */ = {
			isa = PBXVariantGroup;
			children = (
				F07A80E819DD9DE700B621A1 /* Base */,
			);
			name = LaunchScreen.xib;
			sourceTree = "<group>";
		};
/* End PBXVariantGroup section */

/* Begin XCBuildConfiguration section */
		F07A80F619DD9DE700B621A1 /* Debug */ = {
			isa = XCBuildConfiguration;
			buildSettings = {
				ALWAYS_SEARCH_USER_PATHS = NO;
				CLANG_CXX_LANGUAGE_STANDARD = "gnu++0x";
				CLANG_CXX_LIBRARY = "libc++";
				CLANG_ENABLE_MODULES = YES;
				CLANG_ENABLE_OBJC_ARC = YES;
				CLANG_WARN_BOOL_CONVERSION = YES;
				CLANG_WARN_CONSTANT_CONVERSION = YES;
				CLANG_WARN_DIRECT_OBJC_ISA_USAGE = YES_ERROR;
				CLANG_WARN_EMPTY_BODY = YES;
				CLANG_WARN_ENUM_CONVERSION = YES;
				CLANG_WARN_INT_CONVERSION = YES;
				CLANG_WARN_OBJC_ROOT_CLASS = YES_ERROR;
				CLANG_WARN_UNREACHABLE_CODE = YES;
				CLANG_WARN__DUPLICATE_METHOD_MATCH = YES;
				"CODE_SIGN_IDENTITY[sdk=iphoneos*]" = "iPhone Developer";
				COPY_PHASE_STRIP = NO;
				CURRENT_PROJECT_VERSION = 0;
				ENABLE_STRICT_OBJC_MSGSEND = YES;
				GCC_C_LANGUAGE_STANDARD = gnu99;
				GCC_DYNAMIC_NO_PIC = NO;
				GCC_OPTIMIZATION_LEVEL = 0;
				GCC_PREPROCESSOR_DEFINITIONS = (
					"DEBUG=1",
					"$(inherited)",
				);
				GCC_SYMBOLS_PRIVATE_EXTERN = NO;
				GCC_WARN_64_TO_32_BIT_CONVERSION = YES;
				GCC_WARN_ABOUT_RETURN_TYPE = YES_ERROR;
				GCC_WARN_UNDECLARED_SELECTOR = YES;
				GCC_WARN_UNINITIALIZED_AUTOS = YES_AGGRESSIVE;
				GCC_WARN_UNUSED_FUNCTION = YES;
				GCC_WARN_UNUSED_VARIABLE = YES;
				IPHONEOS_DEPLOYMENT_TARGET = 8.0;
				MTL_ENABLE_DEBUG_INFO = YES;
				ONLY_ACTIVE_ARCH = YES;
				SDKROOT = iphoneos;
				TARGETED_DEVICE_FAMILY = "1,2";
				VERSIONING_SYSTEM = "apple-generic";
			};
			name = Debug;
		};
		F07A80F719DD9DE700B621A1 /* Release */ = {
			isa = XCBuildConfiguration;
			buildSettings = {
				ALWAYS_SEARCH_USER_PATHS = NO;
				CLANG_CXX_LANGUAGE_STANDARD = "gnu++0x";
				CLANG_CXX_LIBRARY = "libc++";
				CLANG_ENABLE_MODULES = YES;
				CLANG_ENABLE_OBJC_ARC = YES;
				CLANG_WARN_BOOL_CONVERSION = YES;
				CLANG_WARN_CONSTANT_CONVERSION = YES;
				CLANG_WARN_DIRECT_OBJC_ISA_USAGE = YES_ERROR;
				CLANG_WARN_EMPTY_BODY = YES;
				CLANG_WARN_ENUM_CONVERSION = YES;
				CLANG_WARN_INT_CONVERSION = YES;
				CLANG_WARN_OBJC_ROOT_CLASS = YES_ERROR;
				CLANG_WARN_UNREACHABLE_CODE = YES;
				CLANG_WARN__DUPLICATE_METHOD_MATCH = YES;
				"CODE_SIGN_IDENTITY[sdk=iphoneos*]" = "iPhone Distribution";
				COPY_PHASE_STRIP = YES;
				CURRENT_PROJECT_VERSION = 0;
				ENABLE_NS_ASSERTIONS = NO;
				ENABLE_STRICT_OBJC_MSGSEND = YES;
				GCC_C_LANGUAGE_STANDARD = gnu99;
				GCC_PREPROCESSOR_DEFINITIONS = "";
				GCC_WARN_64_TO_32_BIT_CONVERSION = YES;
				GCC_WARN_ABOUT_RETURN_TYPE = YES_ERROR;
				GCC_WARN_UNDECLARED_SELECTOR = YES;
				GCC_WARN_UNINITIALIZED_AUTOS = YES_AGGRESSIVE;
				GCC_WARN_UNUSED_FUNCTION = YES;
				GCC_WARN_UNUSED_VARIABLE = YES;
				IPHONEOS_DEPLOYMENT_TARGET = 8.0;
				MTL_ENABLE_DEBUG_INFO = NO;
				SDKROOT = iphoneos;
				TARGETED_DEVICE_FAMILY = "1,2";
				VALIDATE_PRODUCT = YES;
				VERSIONING_SYSTEM = "apple-generic";
			};
			name = Release;
		};
		F07A80F919DD9DE700B621A1 /* Debug */ = {
			isa = XCBuildConfiguration;
			baseConfigurationReference = B7EC7E45C718BF2BBCE0CF48 /* Pods-matrixConsole.debug.xcconfig */;
			buildSettings = {
				ASSETCATALOG_COMPILER_APPICON_NAME = AppIcon;
				ASSETCATALOG_COMPILER_LAUNCHIMAGE_NAME = LaunchImage;
				INFOPLIST_FILE = matrixConsole/Info.plist;
				IPHONEOS_DEPLOYMENT_TARGET = 7.0;
				LD_RUNPATH_SEARCH_PATHS = "$(inherited) @executable_path/Frameworks";
				PRODUCT_NAME = matrixConsole;
			};
			name = Debug;
		};
		F07A80FA19DD9DE700B621A1 /* Release */ = {
			isa = XCBuildConfiguration;
			baseConfigurationReference = 13057A57E74FD5504196F47F /* Pods-matrixConsole.release.xcconfig */;
			buildSettings = {
				ASSETCATALOG_COMPILER_APPICON_NAME = AppIcon;
				ASSETCATALOG_COMPILER_LAUNCHIMAGE_NAME = LaunchImage;
				INFOPLIST_FILE = matrixConsole/Info.plist;
				IPHONEOS_DEPLOYMENT_TARGET = 7.0;
				LD_RUNPATH_SEARCH_PATHS = "$(inherited) @executable_path/Frameworks";
				PRODUCT_NAME = matrixConsole;
			};
			name = Release;
		};
		F07A80FC19DD9DE700B621A1 /* Debug */ = {
			isa = XCBuildConfiguration;
			buildSettings = {
				BUNDLE_LOADER = "$(TEST_HOST)";
				FRAMEWORK_SEARCH_PATHS = (
					"$(SDKROOT)/Developer/Library/Frameworks",
					"$(inherited)",
				);
				GCC_PREPROCESSOR_DEFINITIONS = (
					"DEBUG=1",
					"$(inherited)",
				);
				INFOPLIST_FILE = matrixConsoleTests/Info.plist;
				LD_RUNPATH_SEARCH_PATHS = "$(inherited) @executable_path/Frameworks @loader_path/Frameworks";
				PRODUCT_NAME = matrixConsoleTests;
				TEST_HOST = "$(BUILT_PRODUCTS_DIR)/matrixConsole.app/matrixConsole";
			};
			name = Debug;
		};
		F07A80FD19DD9DE700B621A1 /* Release */ = {
			isa = XCBuildConfiguration;
			buildSettings = {
				BUNDLE_LOADER = "$(TEST_HOST)";
				FRAMEWORK_SEARCH_PATHS = (
					"$(SDKROOT)/Developer/Library/Frameworks",
					"$(inherited)",
				);
				INFOPLIST_FILE = matrixConsoleTests/Info.plist;
				LD_RUNPATH_SEARCH_PATHS = "$(inherited) @executable_path/Frameworks @loader_path/Frameworks";
				PRODUCT_NAME = matrixConsoleTests;
				TEST_HOST = "$(BUILT_PRODUCTS_DIR)/matrixConsole.app/matrixConsole";
			};
			name = Release;
		};
/* End XCBuildConfiguration section */

/* Begin XCConfigurationList section */
		F07A80CD19DD9DE700B621A1 /* Build configuration list for PBXProject "matrixConsole" */ = {
			isa = XCConfigurationList;
			buildConfigurations = (
				F07A80F619DD9DE700B621A1 /* Debug */,
				F07A80F719DD9DE700B621A1 /* Release */,
			);
			defaultConfigurationIsVisible = 0;
			defaultConfigurationName = Release;
		};
		F07A80F819DD9DE700B621A1 /* Build configuration list for PBXNativeTarget "matrixConsole" */ = {
			isa = XCConfigurationList;
			buildConfigurations = (
				F07A80F919DD9DE700B621A1 /* Debug */,
				F07A80FA19DD9DE700B621A1 /* Release */,
			);
			defaultConfigurationIsVisible = 0;
			defaultConfigurationName = Release;
		};
		F07A80FB19DD9DE700B621A1 /* Build configuration list for PBXNativeTarget "matrixConsoleTests" */ = {
			isa = XCConfigurationList;
			buildConfigurations = (
				F07A80FC19DD9DE700B621A1 /* Debug */,
				F07A80FD19DD9DE700B621A1 /* Release */,
			);
			defaultConfigurationIsVisible = 0;
			defaultConfigurationName = Release;
		};
/* End XCConfigurationList section */
	};
	rootObject = F07A80CA19DD9DE700B621A1 /* Project object */;
}
