<?xml version="1.0" encoding="UTF-8"?>
<!DOCTYPE plist PUBLIC "-//Apple//DTD PLIST 1.0//EN" "http://www.apple.com/DTDs/PropertyList-1.0.dtd">
<plist version="1.0">
<dict>
	<key>archiveVersion</key>
	<string>1</string>
	<key>classes</key>
	<dict/>
	<key>objectVersion</key>
	<string>46</string>
	<key>objects</key>
	<dict>
		<key>1EB4F087B767553CED2DEABB</key>
		<dict>
			<key>explicitFileType</key>
			<string>archive.ar</string>
			<key>includeInIndex</key>
			<string>0</string>
			<key>isa</key>
			<string>PBXFileReference</string>
			<key>path</key>
			<string>libPods-syMessaging.a</string>
			<key>sourceTree</key>
			<string>BUILT_PRODUCTS_DIR</string>
		</dict>
		<key>3496B335A95D95AB2A8DCEF4</key>
		<dict>
			<key>buildActionMask</key>
			<string>2147483647</string>
			<key>files</key>
			<array/>
			<key>inputPaths</key>
			<array/>
			<key>isa</key>
			<string>PBXShellScriptBuildPhase</string>
			<key>name</key>
			<string>Copy Pods Resources</string>
			<key>outputPaths</key>
			<array/>
			<key>runOnlyForDeploymentPostprocessing</key>
			<string>0</string>
			<key>shellPath</key>
			<string>/bin/sh</string>
			<key>shellScript</key>
			<string>"${SRCROOT}/Pods/Target Support Files/Pods-syMessaging/Pods-syMessaging-resources.sh"
</string>
			<key>showEnvVarsInLog</key>
			<string>0</string>
		</dict>
		<key>477412429E0ABA7BC78E9A48</key>
		<dict>
			<key>includeInIndex</key>
			<string>1</string>
			<key>isa</key>
			<string>PBXFileReference</string>
			<key>lastKnownFileType</key>
			<string>text.xcconfig</string>
			<key>name</key>
			<string>Pods-syMessaging.debug.xcconfig</string>
			<key>path</key>
			<string>Pods/Target Support Files/Pods-syMessaging/Pods-syMessaging.debug.xcconfig</string>
			<key>sourceTree</key>
			<string>&lt;group&gt;</string>
		</dict>
		<key>A063750719371855C7755702</key>
		<dict>
			<key>buildActionMask</key>
			<string>2147483647</string>
			<key>files</key>
			<array/>
			<key>inputPaths</key>
			<array/>
			<key>isa</key>
			<string>PBXShellScriptBuildPhase</string>
			<key>name</key>
			<string>Check Pods Manifest.lock</string>
			<key>outputPaths</key>
			<array/>
			<key>runOnlyForDeploymentPostprocessing</key>
			<string>0</string>
			<key>shellPath</key>
			<string>/bin/sh</string>
			<key>shellScript</key>
			<string>diff "${PODS_ROOT}/../Podfile.lock" "${PODS_ROOT}/Manifest.lock" &gt; /dev/null
if [[ $? != 0 ]] ; then
    cat &lt;&lt; EOM
error: The sandbox is not in sync with the Podfile.lock. Run 'pod install' or update your CocoaPods installation.
EOM
    exit 1
fi
</string>
			<key>showEnvVarsInLog</key>
			<string>0</string>
		</dict>
		<key>A2E42FBF1F066CD8150FDB2B</key>
		<dict>
			<key>includeInIndex</key>
			<string>1</string>
			<key>isa</key>
			<string>PBXFileReference</string>
			<key>lastKnownFileType</key>
			<string>text.xcconfig</string>
			<key>name</key>
			<string>Pods-syMessaging.release.xcconfig</string>
			<key>path</key>
			<string>Pods/Target Support Files/Pods-syMessaging/Pods-syMessaging.release.xcconfig</string>
			<key>sourceTree</key>
			<string>&lt;group&gt;</string>
		</dict>
		<key>B18A10A9FB884DD357EBD414</key>
		<dict>
			<key>children</key>
			<array>
				<string>477412429E0ABA7BC78E9A48</string>
				<string>A2E42FBF1F066CD8150FDB2B</string>
			</array>
			<key>isa</key>
			<string>PBXGroup</string>
			<key>name</key>
			<string>Pods</string>
			<key>sourceTree</key>
			<string>&lt;group&gt;</string>
		</dict>
		<key>B5BDF86A98AA08A193004CEC</key>
		<dict>
			<key>fileRef</key>
			<string>1EB4F087B767553CED2DEABB</string>
			<key>isa</key>
			<string>PBXBuildFile</string>
		</dict>
		<key>EAA71E3C2B16D1D86B3F5100</key>
		<dict>
			<key>children</key>
			<array>
				<string>F08DCBDA1A093BFA008C65B6</string>
				<string>1EB4F087B767553CED2DEABB</string>
			</array>
			<key>isa</key>
			<string>PBXGroup</string>
			<key>name</key>
			<string>Frameworks</string>
			<key>sourceTree</key>
			<string>&lt;group&gt;</string>
		</dict>
		<key>F01628B519E298710071C473</key>
		<dict>
			<key>children</key>
			<array>
				<string>F024098119E7D177006E741B</string>
				<string>F0CEA5B019E6898800E47915</string>
				<string>F0CEA5AD19E6895E00E47915</string>
				<string>F01628BC19E29C660071C473</string>
				<string>F01628BE19E29C660071C473</string>
				<string>F0CEA5AC19E6895E00E47915</string>
			</array>
			<key>isa</key>
			<string>PBXGroup</string>
			<key>path</key>
			<string>Assets</string>
			<key>sourceTree</key>
			<string>&lt;group&gt;</string>
		</dict>
		<key>F01628BC19E29C660071C473</key>
		<dict>
			<key>isa</key>
			<string>PBXFileReference</string>
			<key>lastKnownFileType</key>
			<string>image.png</string>
			<key>path</key>
			<string>default-profile.png</string>
			<key>sourceTree</key>
			<string>&lt;group&gt;</string>
		</dict>
		<key>F01628BE19E29C660071C473</key>
		<dict>
			<key>isa</key>
			<string>PBXFileReference</string>
			<key>lastKnownFileType</key>
			<string>image.png</string>
			<key>path</key>
			<string>logo.png</string>
			<key>sourceTree</key>
			<string>&lt;group&gt;</string>
		</dict>
		<key>F01628C119E29C660071C473</key>
		<dict>
			<key>fileRef</key>
			<string>F01628BC19E29C660071C473</string>
			<key>isa</key>
			<string>PBXBuildFile</string>
		</dict>
		<key>F01628C319E29C660071C473</key>
		<dict>
			<key>fileRef</key>
			<string>F01628BE19E29C660071C473</string>
			<key>isa</key>
			<string>PBXBuildFile</string>
		</dict>
		<key>F024098119E7D177006E741B</key>
		<dict>
			<key>isa</key>
			<string>PBXFileReference</string>
			<key>lastKnownFileType</key>
			<string>image.png</string>
			<key>path</key>
			<string>tab_recents@2x.png</string>
			<key>sourceTree</key>
			<string>&lt;group&gt;</string>
		</dict>
		<key>F024098219E7D177006E741B</key>
		<dict>
			<key>fileRef</key>
			<string>F024098119E7D177006E741B</string>
			<key>isa</key>
			<string>PBXBuildFile</string>
		</dict>
		<key>F02D707119F1CE4A007B47D3</key>
		<dict>
			<key>fileEncoding</key>
			<string>4</string>
			<key>isa</key>
			<string>PBXFileReference</string>
			<key>lastKnownFileType</key>
			<string>sourcecode.c.h</string>
			<key>path</key>
			<string>CustomTableViewCell.h</string>
			<key>sourceTree</key>
			<string>&lt;group&gt;</string>
		</dict>
		<key>F02D707219F1CE4A007B47D3</key>
		<dict>
			<key>fileEncoding</key>
			<string>4</string>
			<key>isa</key>
			<string>PBXFileReference</string>
			<key>lastKnownFileType</key>
			<string>sourcecode.c.objc</string>
			<key>path</key>
			<string>CustomTableViewCell.m</string>
			<key>sourceTree</key>
			<string>&lt;group&gt;</string>
		</dict>
		<key>F02D707319F1CE4A007B47D3</key>
		<dict>
			<key>fileRef</key>
			<string>F02D707219F1CE4A007B47D3</string>
			<key>isa</key>
			<string>PBXBuildFile</string>
		</dict>
		<key>F02D707419F1DC9E007B47D3</key>
		<dict>
			<key>fileEncoding</key>
			<string>4</string>
			<key>isa</key>
			<string>PBXFileReference</string>
			<key>lastKnownFileType</key>
			<string>sourcecode.c.h</string>
			<key>path</key>
			<string>RoomMemberTableCell.h</string>
			<key>sourceTree</key>
			<string>&lt;group&gt;</string>
		</dict>
		<key>F02D707519F1DC9E007B47D3</key>
		<dict>
			<key>fileEncoding</key>
			<string>4</string>
			<key>isa</key>
			<string>PBXFileReference</string>
			<key>lastKnownFileType</key>
			<string>sourcecode.c.objc</string>
			<key>path</key>
			<string>RoomMemberTableCell.m</string>
			<key>sourceTree</key>
			<string>&lt;group&gt;</string>
		</dict>
		<key>F02D707619F1DC9E007B47D3</key>
		<dict>
			<key>fileRef</key>
			<string>F02D707519F1DC9E007B47D3</string>
			<key>isa</key>
			<string>PBXBuildFile</string>
		</dict>
		<key>F03C470F1A02952800E445AB</key>
		<dict>
			<key>fileEncoding</key>
			<string>4</string>
			<key>isa</key>
			<string>PBXFileReference</string>
			<key>lastKnownFileType</key>
			<string>sourcecode.c.h</string>
			<key>path</key>
			<string>CustomAlert.h</string>
			<key>sourceTree</key>
			<string>&lt;group&gt;</string>
		</dict>
		<key>F03C47101A02952800E445AB</key>
		<dict>
			<key>fileEncoding</key>
			<string>4</string>
			<key>isa</key>
			<string>PBXFileReference</string>
			<key>lastKnownFileType</key>
			<string>sourcecode.c.objc</string>
			<key>path</key>
			<string>CustomAlert.m</string>
			<key>sourceTree</key>
			<string>&lt;group&gt;</string>
		</dict>
		<key>F03C47111A02952800E445AB</key>
		<dict>
			<key>fileRef</key>
			<string>F03C47101A02952800E445AB</string>
			<key>isa</key>
			<string>PBXBuildFile</string>
		</dict>
		<key>F03EF5E919F171EB00A0EE52</key>
		<dict>
			<key>children</key>
			<array>
				<string>F03EF5EA19F171EB00A0EE52</string>
				<string>F03EF5EB19F171EB00A0EE52</string>
				<string>F03EF5EC19F171EB00A0EE52</string>
				<string>F03EF5ED19F171EB00A0EE52</string>
				<string>F03EF5EE19F171EB00A0EE52</string>
				<string>F03EF5EF19F171EB00A0EE52</string>
				<string>F03EF5F019F171EB00A0EE52</string>
				<string>F03EF5F119F171EB00A0EE52</string>
				<string>F03EF5F219F171EB00A0EE52</string>
				<string>F03EF5F319F171EB00A0EE52</string>
				<string>F03EF5F419F171EB00A0EE52</string>
				<string>F03EF5F519F171EB00A0EE52</string>
			</array>
			<key>isa</key>
			<string>PBXGroup</string>
			<key>path</key>
			<string>ViewController</string>
			<key>sourceTree</key>
			<string>&lt;group&gt;</string>
		</dict>
		<key>F03EF5EA19F171EB00A0EE52</key>
		<dict>
			<key>fileEncoding</key>
			<string>4</string>
			<key>isa</key>
			<string>PBXFileReference</string>
			<key>lastKnownFileType</key>
			<string>sourcecode.c.h</string>
			<key>path</key>
			<string>HomeViewController.h</string>
			<key>sourceTree</key>
			<string>&lt;group&gt;</string>
		</dict>
		<key>F03EF5EB19F171EB00A0EE52</key>
		<dict>
			<key>fileEncoding</key>
			<string>4</string>
			<key>isa</key>
			<string>PBXFileReference</string>
			<key>lastKnownFileType</key>
			<string>sourcecode.c.objc</string>
			<key>path</key>
			<string>HomeViewController.m</string>
			<key>sourceTree</key>
			<string>&lt;group&gt;</string>
		</dict>
		<key>F03EF5EC19F171EB00A0EE52</key>
		<dict>
			<key>fileEncoding</key>
			<string>4</string>
			<key>isa</key>
			<string>PBXFileReference</string>
			<key>lastKnownFileType</key>
			<string>sourcecode.c.h</string>
			<key>path</key>
			<string>LoginViewController.h</string>
			<key>sourceTree</key>
			<string>&lt;group&gt;</string>
		</dict>
		<key>F03EF5ED19F171EB00A0EE52</key>
		<dict>
			<key>fileEncoding</key>
			<string>4</string>
			<key>isa</key>
			<string>PBXFileReference</string>
			<key>lastKnownFileType</key>
			<string>sourcecode.c.objc</string>
			<key>path</key>
			<string>LoginViewController.m</string>
			<key>sourceTree</key>
			<string>&lt;group&gt;</string>
		</dict>
		<key>F03EF5EE19F171EB00A0EE52</key>
		<dict>
			<key>fileEncoding</key>
			<string>4</string>
			<key>isa</key>
			<string>PBXFileReference</string>
			<key>lastKnownFileType</key>
			<string>sourcecode.c.h</string>
			<key>path</key>
			<string>MasterTabBarController.h</string>
			<key>sourceTree</key>
			<string>&lt;group&gt;</string>
		</dict>
		<key>F03EF5EF19F171EB00A0EE52</key>
		<dict>
			<key>fileEncoding</key>
			<string>4</string>
			<key>isa</key>
			<string>PBXFileReference</string>
			<key>lastKnownFileType</key>
			<string>sourcecode.c.objc</string>
			<key>path</key>
			<string>MasterTabBarController.m</string>
			<key>sourceTree</key>
			<string>&lt;group&gt;</string>
		</dict>
		<key>F03EF5F019F171EB00A0EE52</key>
		<dict>
			<key>fileEncoding</key>
			<string>4</string>
			<key>isa</key>
			<string>PBXFileReference</string>
			<key>lastKnownFileType</key>
			<string>sourcecode.c.h</string>
			<key>path</key>
			<string>RecentsViewController.h</string>
			<key>sourceTree</key>
			<string>&lt;group&gt;</string>
		</dict>
		<key>F03EF5F119F171EB00A0EE52</key>
		<dict>
			<key>fileEncoding</key>
			<string>4</string>
			<key>isa</key>
			<string>PBXFileReference</string>
			<key>lastKnownFileType</key>
			<string>sourcecode.c.objc</string>
			<key>path</key>
			<string>RecentsViewController.m</string>
			<key>sourceTree</key>
			<string>&lt;group&gt;</string>
		</dict>
		<key>F03EF5F219F171EB00A0EE52</key>
		<dict>
			<key>fileEncoding</key>
			<string>4</string>
			<key>isa</key>
			<string>PBXFileReference</string>
			<key>lastKnownFileType</key>
			<string>sourcecode.c.h</string>
			<key>path</key>
			<string>RoomViewController.h</string>
			<key>sourceTree</key>
			<string>&lt;group&gt;</string>
		</dict>
		<key>F03EF5F319F171EB00A0EE52</key>
		<dict>
			<key>fileEncoding</key>
			<string>4</string>
			<key>isa</key>
			<string>PBXFileReference</string>
			<key>lastKnownFileType</key>
			<string>sourcecode.c.objc</string>
			<key>path</key>
			<string>RoomViewController.m</string>
			<key>sourceTree</key>
			<string>&lt;group&gt;</string>
		</dict>
		<key>F03EF5F419F171EB00A0EE52</key>
		<dict>
			<key>fileEncoding</key>
			<string>4</string>
			<key>isa</key>
			<string>PBXFileReference</string>
			<key>lastKnownFileType</key>
			<string>sourcecode.c.h</string>
			<key>path</key>
			<string>SettingsViewController.h</string>
			<key>sourceTree</key>
			<string>&lt;group&gt;</string>
		</dict>
		<key>F03EF5F519F171EB00A0EE52</key>
		<dict>
			<key>fileEncoding</key>
			<string>4</string>
			<key>isa</key>
			<string>PBXFileReference</string>
			<key>lastKnownFileType</key>
			<string>sourcecode.c.objc</string>
			<key>path</key>
			<string>SettingsViewController.m</string>
			<key>sourceTree</key>
			<string>&lt;group&gt;</string>
		</dict>
		<key>F03EF5F619F171EB00A0EE52</key>
		<dict>
			<key>fileRef</key>
			<string>F03EF5EB19F171EB00A0EE52</string>
			<key>isa</key>
			<string>PBXBuildFile</string>
		</dict>
		<key>F03EF5F719F171EB00A0EE52</key>
		<dict>
			<key>fileRef</key>
			<string>F03EF5ED19F171EB00A0EE52</string>
			<key>isa</key>
			<string>PBXBuildFile</string>
		</dict>
		<key>F03EF5F819F171EB00A0EE52</key>
		<dict>
			<key>fileRef</key>
			<string>F03EF5EF19F171EB00A0EE52</string>
			<key>isa</key>
			<string>PBXBuildFile</string>
		</dict>
		<key>F03EF5F919F171EB00A0EE52</key>
		<dict>
			<key>fileRef</key>
			<string>F03EF5F119F171EB00A0EE52</string>
			<key>isa</key>
			<string>PBXBuildFile</string>
		</dict>
		<key>F03EF5FA19F171EB00A0EE52</key>
		<dict>
			<key>fileRef</key>
			<string>F03EF5F319F171EB00A0EE52</string>
			<key>isa</key>
			<string>PBXBuildFile</string>
		</dict>
		<key>F03EF5FB19F171EB00A0EE52</key>
		<dict>
			<key>fileRef</key>
			<string>F03EF5F519F171EB00A0EE52</string>
			<key>isa</key>
			<string>PBXBuildFile</string>
		</dict>
		<key>F03EF5FC19F1762000A0EE52</key>
		<dict>
			<key>children</key>
			<array>
				<string>F02D707119F1CE4A007B47D3</string>
				<string>F02D707219F1CE4A007B47D3</string>
				<string>F02D707419F1DC9E007B47D3</string>
				<string>F02D707519F1DC9E007B47D3</string>
				<string>F03EF5FD19F1762000A0EE52</string>
				<string>F03EF5FE19F1762000A0EE52</string>
				<string>F0D3C30D1A01330F0000D49E</string>
				<string>F0D3C30E1A01330F0000D49E</string>
			</array>
			<key>isa</key>
			<string>PBXGroup</string>
			<key>path</key>
			<string>View</string>
			<key>sourceTree</key>
			<string>&lt;group&gt;</string>
		</dict>
		<key>F03EF5FD19F1762000A0EE52</key>
		<dict>
			<key>fileEncoding</key>
			<string>4</string>
			<key>isa</key>
			<string>PBXFileReference</string>
			<key>lastKnownFileType</key>
			<string>sourcecode.c.h</string>
			<key>path</key>
			<string>RoomMessageTableCell.h</string>
			<key>sourceTree</key>
			<string>&lt;group&gt;</string>
		</dict>
		<key>F03EF5FE19F1762000A0EE52</key>
		<dict>
			<key>fileEncoding</key>
			<string>4</string>
			<key>isa</key>
			<string>PBXFileReference</string>
			<key>lastKnownFileType</key>
			<string>sourcecode.c.objc</string>
			<key>path</key>
			<string>RoomMessageTableCell.m</string>
			<key>sourceTree</key>
			<string>&lt;group&gt;</string>
		</dict>
		<key>F03EF5FF19F1762000A0EE52</key>
		<dict>
			<key>fileRef</key>
			<string>F03EF5FE19F1762000A0EE52</string>
			<key>isa</key>
			<string>PBXBuildFile</string>
		</dict>
		<key>F03EF60019F19E7C00A0EE52</key>
		<dict>
			<key>fileEncoding</key>
			<string>4</string>
			<key>isa</key>
			<string>PBXFileReference</string>
			<key>lastKnownFileType</key>
			<string>sourcecode.c.h</string>
			<key>path</key>
			<string>MediaManager.h</string>
			<key>sourceTree</key>
			<string>&lt;group&gt;</string>
		</dict>
		<key>F03EF60119F19E7C00A0EE52</key>
		<dict>
			<key>fileEncoding</key>
			<string>4</string>
			<key>isa</key>
			<string>PBXFileReference</string>
			<key>lastKnownFileType</key>
			<string>sourcecode.c.objc</string>
			<key>path</key>
			<string>MediaManager.m</string>
			<key>sourceTree</key>
			<string>&lt;group&gt;</string>
		</dict>
		<key>F03EF60219F19E7C00A0EE52</key>
		<dict>
			<key>fileRef</key>
			<string>F03EF60119F19E7C00A0EE52</string>
			<key>isa</key>
			<string>PBXBuildFile</string>
		</dict>
		<key>F05B955D19DEED8A008761B0</key>
		<dict>
			<key>fileEncoding</key>
			<string>4</string>
			<key>isa</key>
			<string>PBXFileReference</string>
			<key>lastKnownFileType</key>
			<string>sourcecode.c.h</string>
			<key>path</key>
			<string>MatrixHandler.h</string>
			<key>sourceTree</key>
			<string>&lt;group&gt;</string>
		</dict>
		<key>F05B955E19DEED8A008761B0</key>
		<dict>
			<key>fileEncoding</key>
			<string>4</string>
			<key>isa</key>
			<string>PBXFileReference</string>
			<key>lastKnownFileType</key>
			<string>sourcecode.c.objc</string>
			<key>path</key>
			<string>MatrixHandler.m</string>
			<key>sourceTree</key>
			<string>&lt;group&gt;</string>
		</dict>
		<key>F05B955F19DEED8A008761B0</key>
		<dict>
			<key>fileRef</key>
			<string>F05B955E19DEED8A008761B0</string>
			<key>isa</key>
			<string>PBXBuildFile</string>
		</dict>
		<key>F07A80C919DD9DE700B621A1</key>
		<dict>
			<key>children</key>
			<array>
				<string>F07A80D419DD9DE700B621A1</string>
				<string>F07A80F119DD9DE700B621A1</string>
				<string>F07A80D319DD9DE700B621A1</string>
				<string>B18A10A9FB884DD357EBD414</string>
				<string>EAA71E3C2B16D1D86B3F5100</string>
			</array>
			<key>isa</key>
			<string>PBXGroup</string>
			<key>sourceTree</key>
			<string>&lt;group&gt;</string>
		</dict>
		<key>F07A80CA19DD9DE700B621A1</key>
		<dict>
			<key>attributes</key>
			<dict>
				<key>LastUpgradeCheck</key>
				<string>0600</string>
				<key>ORGANIZATIONNAME</key>
				<string>matrix.org</string>
				<key>TargetAttributes</key>
				<dict>
					<key>F07A80D119DD9DE700B621A1</key>
					<dict>
						<key>CreatedOnToolsVersion</key>
						<string>6.0</string>
					</dict>
					<key>F07A80ED19DD9DE700B621A1</key>
					<dict>
						<key>CreatedOnToolsVersion</key>
						<string>6.0</string>
						<key>TestTargetID</key>
						<string>F07A80D119DD9DE700B621A1</string>
					</dict>
				</dict>
			</dict>
			<key>buildConfigurationList</key>
			<string>F07A80CD19DD9DE700B621A1</string>
			<key>compatibilityVersion</key>
			<string>Xcode 3.2</string>
			<key>developmentRegion</key>
			<string>English</string>
			<key>hasScannedForEncodings</key>
			<string>0</string>
			<key>isa</key>
			<string>PBXProject</string>
			<key>knownRegions</key>
			<array>
				<string>en</string>
				<string>Base</string>
			</array>
			<key>mainGroup</key>
			<string>F07A80C919DD9DE700B621A1</string>
			<key>productRefGroup</key>
			<string>F07A80D319DD9DE700B621A1</string>
			<key>projectDirPath</key>
			<string></string>
			<key>projectReferences</key>
			<array/>
			<key>projectRoot</key>
			<string></string>
			<key>targets</key>
			<array>
				<string>F07A80D119DD9DE700B621A1</string>
				<string>F07A80ED19DD9DE700B621A1</string>
			</array>
		</dict>
		<key>F07A80CD19DD9DE700B621A1</key>
		<dict>
			<key>buildConfigurations</key>
			<array>
				<string>F07A80F619DD9DE700B621A1</string>
				<string>F07A80F719DD9DE700B621A1</string>
			</array>
			<key>defaultConfigurationIsVisible</key>
			<string>0</string>
			<key>defaultConfigurationName</key>
			<string>Release</string>
			<key>isa</key>
			<string>XCConfigurationList</string>
		</dict>
		<key>F07A80CE19DD9DE700B621A1</key>
		<dict>
			<key>buildActionMask</key>
			<string>2147483647</string>
			<key>files</key>
			<array>
				<string>F07A80DB19DD9DE700B621A1</string>
				<string>F03EF5FF19F1762000A0EE52</string>
				<string>F02D707319F1CE4A007B47D3</string>
				<string>F07A80D819DD9DE700B621A1</string>
				<string>F05B955F19DEED8A008761B0</string>
				<string>F03EF5FB19F171EB00A0EE52</string>
				<string>F03EF5FA19F171EB00A0EE52</string>
				<string>F03EF5F819F171EB00A0EE52</string>
				<string>F03EF5F619F171EB00A0EE52</string>
				<string>F03EF60219F19E7C00A0EE52</string>
				<string>F03EF5F919F171EB00A0EE52</string>
				<string>F03C47111A02952800E445AB</string>
				<string>F02D707619F1DC9E007B47D3</string>
				<string>F0D3C30C1A011EF10000D49E</string>
				<string>F03EF5F719F171EB00A0EE52</string>
				<string>F0D3C30F1A01330F0000D49E</string>
			</array>
			<key>isa</key>
			<string>PBXSourcesBuildPhase</string>
			<key>runOnlyForDeploymentPostprocessing</key>
			<string>0</string>
		</dict>
		<key>F07A80CF19DD9DE700B621A1</key>
		<dict>
			<key>buildActionMask</key>
			<string>2147483647</string>
			<key>files</key>
			<array>
				<string>F08DCBDB1A093BFA008C65B6</string>
				<string>B5BDF86A98AA08A193004CEC</string>
			</array>
			<key>isa</key>
			<string>PBXFrameworksBuildPhase</string>
			<key>runOnlyForDeploymentPostprocessing</key>
			<string>0</string>
		</dict>
		<key>F07A80D019DD9DE700B621A1</key>
		<dict>
			<key>buildActionMask</key>
			<string>2147483647</string>
			<key>files</key>
			<array>
				<string>F024098219E7D177006E741B</string>
				<string>F07A80E419DD9DE700B621A1</string>
				<string>F07A80E919DD9DE700B621A1</string>
				<string>F0CEA5AF19E6895E00E47915</string>
				<string>F01628C319E29C660071C473</string>
				<string>F01628C119E29C660071C473</string>
				<string>F0CEA5AE19E6895E00E47915</string>
				<string>F0CEA5B119E6898800E47915</string>
				<string>F07A80E619DD9DE700B621A1</string>
			</array>
			<key>isa</key>
			<string>PBXResourcesBuildPhase</string>
			<key>runOnlyForDeploymentPostprocessing</key>
			<string>0</string>
		</dict>
		<key>F07A80D119DD9DE700B621A1</key>
		<dict>
			<key>buildConfigurationList</key>
			<string>F07A80F819DD9DE700B621A1</string>
			<key>buildPhases</key>
			<array>
				<string>A063750719371855C7755702</string>
				<string>F07A80CE19DD9DE700B621A1</string>
				<string>F07A80CF19DD9DE700B621A1</string>
				<string>F07A80D019DD9DE700B621A1</string>
				<string>3496B335A95D95AB2A8DCEF4</string>
			</array>
			<key>buildRules</key>
			<array/>
			<key>dependencies</key>
			<array/>
			<key>isa</key>
			<string>PBXNativeTarget</string>
			<key>name</key>
			<string>syMessaging</string>
			<key>productName</key>
			<string>syMessaging</string>
			<key>productReference</key>
			<string>F07A80D219DD9DE700B621A1</string>
			<key>productType</key>
			<string>com.apple.product-type.application</string>
		</dict>
		<key>F07A80D219DD9DE700B621A1</key>
		<dict>
			<key>explicitFileType</key>
			<string>wrapper.application</string>
			<key>includeInIndex</key>
			<string>0</string>
			<key>isa</key>
			<string>PBXFileReference</string>
			<key>path</key>
			<string>syMessaging.app</string>
			<key>sourceTree</key>
			<string>BUILT_PRODUCTS_DIR</string>
		</dict>
		<key>F07A80D319DD9DE700B621A1</key>
		<dict>
			<key>children</key>
			<array>
				<string>F07A80D219DD9DE700B621A1</string>
				<string>F07A80EE19DD9DE700B621A1</string>
			</array>
			<key>isa</key>
			<string>PBXGroup</string>
			<key>name</key>
			<string>Products</string>
			<key>sourceTree</key>
			<string>&lt;group&gt;</string>
		</dict>
		<key>F07A80D419DD9DE700B621A1</key>
		<dict>
			<key>children</key>
			<array>
				<string>F03EF5FC19F1762000A0EE52</string>
				<string>F03EF5E919F171EB00A0EE52</string>
				<string>F07A80D919DD9DE700B621A1</string>
				<string>F07A80DA19DD9DE700B621A1</string>
				<string>F0D3C30A1A011EF10000D49E</string>
				<string>F0D3C30B1A011EF10000D49E</string>
				<string>F03C470F1A02952800E445AB</string>
				<string>F03C47101A02952800E445AB</string>
				<string>F05B955D19DEED8A008761B0</string>
				<string>F05B955E19DEED8A008761B0</string>
				<string>F03EF60019F19E7C00A0EE52</string>
				<string>F03EF60119F19E7C00A0EE52</string>
				<string>F07A80E219DD9DE700B621A1</string>
				<string>F07A80E519DD9DE700B621A1</string>
				<string>F07A80E719DD9DE700B621A1</string>
				<string>F01628B519E298710071C473</string>
				<string>F07A80D519DD9DE700B621A1</string>
			</array>
			<key>isa</key>
			<string>PBXGroup</string>
			<key>path</key>
			<string>syMessaging</string>
			<key>sourceTree</key>
			<string>&lt;group&gt;</string>
		</dict>
		<key>F07A80D519DD9DE700B621A1</key>
		<dict>
			<key>children</key>
			<array>
				<string>F07A80D619DD9DE700B621A1</string>
				<string>F07A80D719DD9DE700B621A1</string>
			</array>
			<key>isa</key>
			<string>PBXGroup</string>
			<key>name</key>
			<string>Supporting Files</string>
			<key>sourceTree</key>
			<string>&lt;group&gt;</string>
		</dict>
		<key>F07A80D619DD9DE700B621A1</key>
		<dict>
			<key>isa</key>
			<string>PBXFileReference</string>
			<key>lastKnownFileType</key>
			<string>text.plist.xml</string>
			<key>path</key>
			<string>Info.plist</string>
			<key>sourceTree</key>
			<string>&lt;group&gt;</string>
		</dict>
		<key>F07A80D719DD9DE700B621A1</key>
		<dict>
			<key>isa</key>
			<string>PBXFileReference</string>
			<key>lastKnownFileType</key>
			<string>sourcecode.c.objc</string>
			<key>path</key>
			<string>main.m</string>
			<key>sourceTree</key>
			<string>&lt;group&gt;</string>
		</dict>
		<key>F07A80D819DD9DE700B621A1</key>
		<dict>
			<key>fileRef</key>
			<string>F07A80D719DD9DE700B621A1</string>
			<key>isa</key>
			<string>PBXBuildFile</string>
		</dict>
		<key>F07A80D919DD9DE700B621A1</key>
		<dict>
			<key>isa</key>
			<string>PBXFileReference</string>
			<key>lastKnownFileType</key>
			<string>sourcecode.c.h</string>
			<key>path</key>
			<string>AppDelegate.h</string>
			<key>sourceTree</key>
			<string>&lt;group&gt;</string>
		</dict>
		<key>F07A80DA19DD9DE700B621A1</key>
		<dict>
			<key>isa</key>
			<string>PBXFileReference</string>
			<key>lastKnownFileType</key>
			<string>sourcecode.c.objc</string>
			<key>path</key>
			<string>AppDelegate.m</string>
			<key>sourceTree</key>
			<string>&lt;group&gt;</string>
		</dict>
		<key>F07A80DB19DD9DE700B621A1</key>
		<dict>
			<key>fileRef</key>
			<string>F07A80DA19DD9DE700B621A1</string>
			<key>isa</key>
			<string>PBXBuildFile</string>
		</dict>
		<key>F07A80E219DD9DE700B621A1</key>
		<dict>
			<key>children</key>
			<array>
				<string>F07A80E319DD9DE700B621A1</string>
			</array>
			<key>isa</key>
			<string>PBXVariantGroup</string>
			<key>name</key>
			<string>Main.storyboard</string>
			<key>sourceTree</key>
			<string>&lt;group&gt;</string>
		</dict>
		<key>F07A80E319DD9DE700B621A1</key>
		<dict>
			<key>isa</key>
			<string>PBXFileReference</string>
			<key>lastKnownFileType</key>
			<string>file.storyboard</string>
			<key>name</key>
			<string>Base</string>
			<key>path</key>
			<string>Base.lproj/Main.storyboard</string>
			<key>sourceTree</key>
			<string>&lt;group&gt;</string>
		</dict>
		<key>F07A80E419DD9DE700B621A1</key>
		<dict>
			<key>fileRef</key>
			<string>F07A80E219DD9DE700B621A1</string>
			<key>isa</key>
			<string>PBXBuildFile</string>
		</dict>
		<key>F07A80E519DD9DE700B621A1</key>
		<dict>
			<key>isa</key>
			<string>PBXFileReference</string>
			<key>lastKnownFileType</key>
			<string>folder.assetcatalog</string>
			<key>path</key>
			<string>Images.xcassets</string>
			<key>sourceTree</key>
			<string>&lt;group&gt;</string>
		</dict>
		<key>F07A80E619DD9DE700B621A1</key>
		<dict>
			<key>fileRef</key>
			<string>F07A80E519DD9DE700B621A1</string>
			<key>isa</key>
			<string>PBXBuildFile</string>
		</dict>
		<key>F07A80E719DD9DE700B621A1</key>
		<dict>
			<key>children</key>
			<array>
				<string>F07A80E819DD9DE700B621A1</string>
			</array>
			<key>isa</key>
			<string>PBXVariantGroup</string>
			<key>name</key>
			<string>LaunchScreen.xib</string>
			<key>sourceTree</key>
			<string>&lt;group&gt;</string>
		</dict>
		<key>F07A80E819DD9DE700B621A1</key>
		<dict>
			<key>isa</key>
			<string>PBXFileReference</string>
			<key>lastKnownFileType</key>
			<string>file.xib</string>
			<key>name</key>
			<string>Base</string>
			<key>path</key>
			<string>Base.lproj/LaunchScreen.xib</string>
			<key>sourceTree</key>
			<string>&lt;group&gt;</string>
		</dict>
		<key>F07A80E919DD9DE700B621A1</key>
		<dict>
			<key>fileRef</key>
			<string>F07A80E719DD9DE700B621A1</string>
			<key>isa</key>
			<string>PBXBuildFile</string>
		</dict>
		<key>F07A80EA19DD9DE700B621A1</key>
		<dict>
			<key>buildActionMask</key>
			<string>2147483647</string>
			<key>files</key>
			<array>
				<string>F07A80F519DD9DE700B621A1</string>
			</array>
			<key>isa</key>
			<string>PBXSourcesBuildPhase</string>
			<key>runOnlyForDeploymentPostprocessing</key>
			<string>0</string>
		</dict>
		<key>F07A80EB19DD9DE700B621A1</key>
		<dict>
			<key>buildActionMask</key>
			<string>2147483647</string>
			<key>files</key>
			<array/>
			<key>isa</key>
			<string>PBXFrameworksBuildPhase</string>
			<key>runOnlyForDeploymentPostprocessing</key>
			<string>0</string>
		</dict>
		<key>F07A80EC19DD9DE700B621A1</key>
		<dict>
			<key>buildActionMask</key>
			<string>2147483647</string>
			<key>files</key>
			<array/>
			<key>isa</key>
			<string>PBXResourcesBuildPhase</string>
			<key>runOnlyForDeploymentPostprocessing</key>
			<string>0</string>
		</dict>
		<key>F07A80ED19DD9DE700B621A1</key>
		<dict>
			<key>buildConfigurationList</key>
			<string>F07A80FB19DD9DE700B621A1</string>
			<key>buildPhases</key>
			<array>
				<string>F07A80EA19DD9DE700B621A1</string>
				<string>F07A80EB19DD9DE700B621A1</string>
				<string>F07A80EC19DD9DE700B621A1</string>
			</array>
			<key>buildRules</key>
			<array/>
			<key>dependencies</key>
			<array>
				<string>F07A80F019DD9DE700B621A1</string>
			</array>
			<key>isa</key>
			<string>PBXNativeTarget</string>
			<key>name</key>
			<string>syMessagingTests</string>
			<key>productName</key>
			<string>syMessagingTests</string>
			<key>productReference</key>
			<string>F07A80EE19DD9DE700B621A1</string>
			<key>productType</key>
			<string>com.apple.product-type.bundle.unit-test</string>
		</dict>
		<key>F07A80EE19DD9DE700B621A1</key>
		<dict>
			<key>explicitFileType</key>
			<string>wrapper.cfbundle</string>
			<key>includeInIndex</key>
			<string>0</string>
			<key>isa</key>
			<string>PBXFileReference</string>
			<key>path</key>
			<string>syMessagingTests.xctest</string>
			<key>sourceTree</key>
			<string>BUILT_PRODUCTS_DIR</string>
		</dict>
		<key>F07A80EF19DD9DE700B621A1</key>
		<dict>
			<key>containerPortal</key>
			<string>F07A80CA19DD9DE700B621A1</string>
			<key>isa</key>
			<string>PBXContainerItemProxy</string>
			<key>proxyType</key>
			<string>1</string>
			<key>remoteGlobalIDString</key>
			<string>F07A80D119DD9DE700B621A1</string>
			<key>remoteInfo</key>
			<string>syMessaging</string>
		</dict>
		<key>F07A80F019DD9DE700B621A1</key>
		<dict>
			<key>isa</key>
			<string>PBXTargetDependency</string>
			<key>target</key>
			<string>F07A80D119DD9DE700B621A1</string>
			<key>targetProxy</key>
			<string>F07A80EF19DD9DE700B621A1</string>
		</dict>
		<key>F07A80F119DD9DE700B621A1</key>
		<dict>
			<key>children</key>
			<array>
				<string>F07A80F419DD9DE700B621A1</string>
				<string>F07A80F219DD9DE700B621A1</string>
			</array>
			<key>isa</key>
			<string>PBXGroup</string>
			<key>path</key>
			<string>syMessagingTests</string>
			<key>sourceTree</key>
			<string>&lt;group&gt;</string>
		</dict>
		<key>F07A80F219DD9DE700B621A1</key>
		<dict>
			<key>children</key>
			<array>
				<string>F07A80F319DD9DE700B621A1</string>
			</array>
			<key>isa</key>
			<string>PBXGroup</string>
			<key>name</key>
			<string>Supporting Files</string>
			<key>sourceTree</key>
			<string>&lt;group&gt;</string>
		</dict>
		<key>F07A80F319DD9DE700B621A1</key>
		<dict>
			<key>isa</key>
			<string>PBXFileReference</string>
			<key>lastKnownFileType</key>
			<string>text.plist.xml</string>
			<key>path</key>
			<string>Info.plist</string>
			<key>sourceTree</key>
			<string>&lt;group&gt;</string>
		</dict>
		<key>F07A80F419DD9DE700B621A1</key>
		<dict>
			<key>isa</key>
			<string>PBXFileReference</string>
			<key>lastKnownFileType</key>
			<string>sourcecode.c.objc</string>
			<key>path</key>
			<string>syMessagingTests.m</string>
			<key>sourceTree</key>
			<string>&lt;group&gt;</string>
		</dict>
		<key>F07A80F519DD9DE700B621A1</key>
		<dict>
			<key>fileRef</key>
			<string>F07A80F419DD9DE700B621A1</string>
			<key>isa</key>
			<string>PBXBuildFile</string>
		</dict>
		<key>F07A80F619DD9DE700B621A1</key>
		<dict>
			<key>buildSettings</key>
			<dict>
				<key>ALWAYS_SEARCH_USER_PATHS</key>
				<string>NO</string>
				<key>CLANG_CXX_LANGUAGE_STANDARD</key>
				<string>gnu++0x</string>
				<key>CLANG_CXX_LIBRARY</key>
				<string>libc++</string>
				<key>CLANG_ENABLE_MODULES</key>
				<string>YES</string>
				<key>CLANG_ENABLE_OBJC_ARC</key>
				<string>YES</string>
				<key>CLANG_WARN_BOOL_CONVERSION</key>
				<string>YES</string>
				<key>CLANG_WARN_CONSTANT_CONVERSION</key>
				<string>YES</string>
				<key>CLANG_WARN_DIRECT_OBJC_ISA_USAGE</key>
				<string>YES_ERROR</string>
				<key>CLANG_WARN_EMPTY_BODY</key>
				<string>YES</string>
				<key>CLANG_WARN_ENUM_CONVERSION</key>
				<string>YES</string>
				<key>CLANG_WARN_INT_CONVERSION</key>
				<string>YES</string>
				<key>CLANG_WARN_OBJC_ROOT_CLASS</key>
				<string>YES_ERROR</string>
				<key>CLANG_WARN_UNREACHABLE_CODE</key>
				<string>YES</string>
				<key>CLANG_WARN__DUPLICATE_METHOD_MATCH</key>
				<string>YES</string>
				<key>CODE_SIGN_IDENTITY[sdk=iphoneos*]</key>
				<string>iPhone Developer</string>
				<key>COPY_PHASE_STRIP</key>
				<string>NO</string>
				<key>ENABLE_STRICT_OBJC_MSGSEND</key>
				<string>YES</string>
				<key>GCC_C_LANGUAGE_STANDARD</key>
				<string>gnu99</string>
				<key>GCC_DYNAMIC_NO_PIC</key>
				<string>NO</string>
				<key>GCC_OPTIMIZATION_LEVEL</key>
				<string>0</string>
				<key>GCC_PREPROCESSOR_DEFINITIONS</key>
				<array>
					<string>DEBUG=1</string>
					<string>$(inherited)</string>
				</array>
				<key>GCC_SYMBOLS_PRIVATE_EXTERN</key>
				<string>NO</string>
				<key>GCC_WARN_64_TO_32_BIT_CONVERSION</key>
				<string>YES</string>
				<key>GCC_WARN_ABOUT_RETURN_TYPE</key>
				<string>YES_ERROR</string>
				<key>GCC_WARN_UNDECLARED_SELECTOR</key>
				<string>YES</string>
				<key>GCC_WARN_UNINITIALIZED_AUTOS</key>
				<string>YES_AGGRESSIVE</string>
				<key>GCC_WARN_UNUSED_FUNCTION</key>
				<string>YES</string>
				<key>GCC_WARN_UNUSED_VARIABLE</key>
				<string>YES</string>
				<key>IPHONEOS_DEPLOYMENT_TARGET</key>
				<string>8.0</string>
				<key>MTL_ENABLE_DEBUG_INFO</key>
				<string>YES</string>
				<key>ONLY_ACTIVE_ARCH</key>
				<string>YES</string>
				<key>SDKROOT</key>
				<string>iphoneos</string>
				<key>TARGETED_DEVICE_FAMILY</key>
				<string>1,2</string>
			</dict>
			<key>isa</key>
			<string>XCBuildConfiguration</string>
			<key>name</key>
			<string>Debug</string>
		</dict>
		<key>F07A80F719DD9DE700B621A1</key>
		<dict>
			<key>buildSettings</key>
			<dict>
				<key>ALWAYS_SEARCH_USER_PATHS</key>
				<string>NO</string>
				<key>CLANG_CXX_LANGUAGE_STANDARD</key>
				<string>gnu++0x</string>
				<key>CLANG_CXX_LIBRARY</key>
				<string>libc++</string>
				<key>CLANG_ENABLE_MODULES</key>
				<string>YES</string>
				<key>CLANG_ENABLE_OBJC_ARC</key>
				<string>YES</string>
				<key>CLANG_WARN_BOOL_CONVERSION</key>
				<string>YES</string>
				<key>CLANG_WARN_CONSTANT_CONVERSION</key>
				<string>YES</string>
				<key>CLANG_WARN_DIRECT_OBJC_ISA_USAGE</key>
				<string>YES_ERROR</string>
				<key>CLANG_WARN_EMPTY_BODY</key>
				<string>YES</string>
				<key>CLANG_WARN_ENUM_CONVERSION</key>
				<string>YES</string>
				<key>CLANG_WARN_INT_CONVERSION</key>
				<string>YES</string>
				<key>CLANG_WARN_OBJC_ROOT_CLASS</key>
				<string>YES_ERROR</string>
				<key>CLANG_WARN_UNREACHABLE_CODE</key>
				<string>YES</string>
				<key>CLANG_WARN__DUPLICATE_METHOD_MATCH</key>
				<string>YES</string>
				<key>CODE_SIGN_IDENTITY[sdk=iphoneos*]</key>
				<string>iPhone Developer</string>
				<key>COPY_PHASE_STRIP</key>
				<string>YES</string>
				<key>ENABLE_NS_ASSERTIONS</key>
				<string>NO</string>
				<key>ENABLE_STRICT_OBJC_MSGSEND</key>
				<string>YES</string>
				<key>GCC_C_LANGUAGE_STANDARD</key>
				<string>gnu99</string>
				<key>GCC_WARN_64_TO_32_BIT_CONVERSION</key>
				<string>YES</string>
				<key>GCC_WARN_ABOUT_RETURN_TYPE</key>
				<string>YES_ERROR</string>
				<key>GCC_WARN_UNDECLARED_SELECTOR</key>
				<string>YES</string>
				<key>GCC_WARN_UNINITIALIZED_AUTOS</key>
				<string>YES_AGGRESSIVE</string>
				<key>GCC_WARN_UNUSED_FUNCTION</key>
				<string>YES</string>
				<key>GCC_WARN_UNUSED_VARIABLE</key>
				<string>YES</string>
				<key>IPHONEOS_DEPLOYMENT_TARGET</key>
				<string>8.0</string>
				<key>MTL_ENABLE_DEBUG_INFO</key>
				<string>NO</string>
				<key>SDKROOT</key>
				<string>iphoneos</string>
				<key>TARGETED_DEVICE_FAMILY</key>
				<string>1,2</string>
				<key>VALIDATE_PRODUCT</key>
				<string>YES</string>
			</dict>
			<key>isa</key>
			<string>XCBuildConfiguration</string>
			<key>name</key>
			<string>Release</string>
		</dict>
		<key>F07A80F819DD9DE700B621A1</key>
		<dict>
			<key>buildConfigurations</key>
			<array>
				<string>F07A80F919DD9DE700B621A1</string>
				<string>F07A80FA19DD9DE700B621A1</string>
			</array>
			<key>defaultConfigurationIsVisible</key>
			<string>0</string>
			<key>defaultConfigurationName</key>
			<string>Release</string>
			<key>isa</key>
			<string>XCConfigurationList</string>
		</dict>
		<key>F07A80F919DD9DE700B621A1</key>
		<dict>
			<key>baseConfigurationReference</key>
			<string>477412429E0ABA7BC78E9A48</string>
			<key>buildSettings</key>
			<dict>
				<key>ASSETCATALOG_COMPILER_APPICON_NAME</key>
				<string>AppIcon</string>
				<key>ASSETCATALOG_COMPILER_LAUNCHIMAGE_NAME</key>
				<string>LaunchImage</string>
				<key>INFOPLIST_FILE</key>
				<string>syMessaging/Info.plist</string>
				<key>IPHONEOS_DEPLOYMENT_TARGET</key>
				<string>6.0</string>
				<key>LD_RUNPATH_SEARCH_PATHS</key>
				<string>$(inherited) @executable_path/Frameworks</string>
				<key>PRODUCT_NAME</key>
				<string>$(TARGET_NAME)</string>
			</dict>
			<key>isa</key>
			<string>XCBuildConfiguration</string>
			<key>name</key>
			<string>Debug</string>
		</dict>
		<key>F07A80FA19DD9DE700B621A1</key>
		<dict>
			<key>baseConfigurationReference</key>
			<string>A2E42FBF1F066CD8150FDB2B</string>
			<key>buildSettings</key>
			<dict>
				<key>ASSETCATALOG_COMPILER_APPICON_NAME</key>
				<string>AppIcon</string>
				<key>ASSETCATALOG_COMPILER_LAUNCHIMAGE_NAME</key>
				<string>LaunchImage</string>
				<key>INFOPLIST_FILE</key>
				<string>syMessaging/Info.plist</string>
				<key>IPHONEOS_DEPLOYMENT_TARGET</key>
				<string>6.0</string>
				<key>LD_RUNPATH_SEARCH_PATHS</key>
				<string>$(inherited) @executable_path/Frameworks</string>
				<key>PRODUCT_NAME</key>
				<string>$(TARGET_NAME)</string>
			</dict>
			<key>isa</key>
			<string>XCBuildConfiguration</string>
			<key>name</key>
			<string>Release</string>
		</dict>
		<key>F07A80FB19DD9DE700B621A1</key>
		<dict>
			<key>buildConfigurations</key>
			<array>
				<string>F07A80FC19DD9DE700B621A1</string>
				<string>F07A80FD19DD9DE700B621A1</string>
			</array>
			<key>defaultConfigurationIsVisible</key>
			<string>0</string>
			<key>defaultConfigurationName</key>
			<string>Release</string>
			<key>isa</key>
			<string>XCConfigurationList</string>
		</dict>
		<key>F07A80FC19DD9DE700B621A1</key>
		<dict>
			<key>buildSettings</key>
			<dict>
				<key>BUNDLE_LOADER</key>
				<string>$(TEST_HOST)</string>
				<key>FRAMEWORK_SEARCH_PATHS</key>
				<array>
					<string>$(SDKROOT)/Developer/Library/Frameworks</string>
					<string>$(inherited)</string>
				</array>
				<key>GCC_PREPROCESSOR_DEFINITIONS</key>
				<array>
					<string>DEBUG=1</string>
					<string>$(inherited)</string>
				</array>
				<key>INFOPLIST_FILE</key>
				<string>syMessagingTests/Info.plist</string>
				<key>LD_RUNPATH_SEARCH_PATHS</key>
				<string>$(inherited) @executable_path/Frameworks @loader_path/Frameworks</string>
				<key>PRODUCT_NAME</key>
				<string>$(TARGET_NAME)</string>
				<key>TEST_HOST</key>
				<string>$(BUILT_PRODUCTS_DIR)/syMessaging.app/syMessaging</string>
			</dict>
			<key>isa</key>
			<string>XCBuildConfiguration</string>
			<key>name</key>
			<string>Debug</string>
		</dict>
		<key>F07A80FD19DD9DE700B621A1</key>
		<dict>
			<key>buildSettings</key>
			<dict>
				<key>BUNDLE_LOADER</key>
				<string>$(TEST_HOST)</string>
				<key>FRAMEWORK_SEARCH_PATHS</key>
				<array>
					<string>$(SDKROOT)/Developer/Library/Frameworks</string>
					<string>$(inherited)</string>
				</array>
				<key>INFOPLIST_FILE</key>
				<string>syMessagingTests/Info.plist</string>
				<key>LD_RUNPATH_SEARCH_PATHS</key>
				<string>$(inherited) @executable_path/Frameworks @loader_path/Frameworks</string>
				<key>PRODUCT_NAME</key>
				<string>$(TARGET_NAME)</string>
				<key>TEST_HOST</key>
				<string>$(BUILT_PRODUCTS_DIR)/syMessaging.app/syMessaging</string>
			</dict>
			<key>isa</key>
			<string>XCBuildConfiguration</string>
			<key>name</key>
			<string>Release</string>
		</dict>
		<key>F08DCBDA1A093BFA008C65B6</key>
		<dict>
			<key>isa</key>
			<string>PBXFileReference</string>
			<key>lastKnownFileType</key>
			<string>wrapper.framework</string>
			<key>name</key>
			<string>MobileCoreServices.framework</string>
			<key>path</key>
			<string>System/Library/Frameworks/MobileCoreServices.framework</string>
			<key>sourceTree</key>
			<string>SDKROOT</string>
		</dict>
		<key>F08DCBDB1A093BFA008C65B6</key>
		<dict>
			<key>fileRef</key>
			<string>F08DCBDA1A093BFA008C65B6</string>
			<key>isa</key>
			<string>PBXBuildFile</string>
		</dict>
		<key>F0CEA5AC19E6895E00E47915</key>
		<dict>
			<key>isa</key>
			<string>PBXFileReference</string>
			<key>lastKnownFileType</key>
			<string>image.png</string>
			<key>path</key>
			<string>logoHighRes.png</string>
			<key>sourceTree</key>
			<string>&lt;group&gt;</string>
		</dict>
		<key>F0CEA5AD19E6895E00E47915</key>
		<dict>
			<key>isa</key>
			<string>PBXFileReference</string>
			<key>lastKnownFileType</key>
			<string>image.png</string>
			<key>path</key>
			<string>tab_recents.png</string>
			<key>sourceTree</key>
			<string>&lt;group&gt;</string>
		</dict>
		<key>F0CEA5AE19E6895E00E47915</key>
		<dict>
			<key>fileRef</key>
			<string>F0CEA5AC19E6895E00E47915</string>
			<key>isa</key>
			<string>PBXBuildFile</string>
		</dict>
		<key>F0CEA5AF19E6895E00E47915</key>
		<dict>
			<key>fileRef</key>
			<string>F0CEA5AD19E6895E00E47915</string>
			<key>isa</key>
			<string>PBXBuildFile</string>
		</dict>
		<key>F0CEA5B019E6898800E47915</key>
		<dict>
			<key>isa</key>
			<string>PBXFileReference</string>
			<key>lastKnownFileType</key>
			<string>image.ico</string>
			<key>path</key>
			<string>tab_home.ico</string>
			<key>sourceTree</key>
			<string>&lt;group&gt;</string>
		</dict>
		<key>F0CEA5B119E6898800E47915</key>
		<dict>
			<key>fileRef</key>
			<string>F0CEA5B019E6898800E47915</string>
			<key>isa</key>
			<string>PBXBuildFile</string>
		</dict>
		<key>F0D3C30A1A011EF10000D49E</key>
		<dict>
			<key>fileEncoding</key>
			<string>4</string>
			<key>isa</key>
			<string>PBXFileReference</string>
			<key>lastKnownFileType</key>
			<string>sourcecode.c.h</string>
			<key>path</key>
			<string>AppSettings.h</string>
			<key>sourceTree</key>
			<string>&lt;group&gt;</string>
		</dict>
		<key>F0D3C30B1A011EF10000D49E</key>
		<dict>
			<key>fileEncoding</key>
			<string>4</string>
			<key>isa</key>
			<string>PBXFileReference</string>
			<key>lastKnownFileType</key>
			<string>sourcecode.c.objc</string>
			<key>path</key>
			<string>AppSettings.m</string>
			<key>sourceTree</key>
			<string>&lt;group&gt;</string>
		</dict>
		<key>F0D3C30C1A011EF10000D49E</key>
		<dict>
			<key>fileRef</key>
			<string>F0D3C30B1A011EF10000D49E</string>
			<key>isa</key>
			<string>PBXBuildFile</string>
		</dict>
		<key>F0D3C30D1A01330F0000D49E</key>
		<dict>
			<key>fileEncoding</key>
			<string>4</string>
			<key>isa</key>
			<string>PBXFileReference</string>
			<key>lastKnownFileType</key>
			<string>sourcecode.c.h</string>
			<key>path</key>
			<string>SettingsTableViewCell.h</string>
			<key>sourceTree</key>
			<string>&lt;group&gt;</string>
		</dict>
		<key>F0D3C30E1A01330F0000D49E</key>
		<dict>
			<key>fileEncoding</key>
			<string>4</string>
			<key>isa</key>
			<string>PBXFileReference</string>
			<key>lastKnownFileType</key>
			<string>sourcecode.c.objc</string>
			<key>path</key>
			<string>SettingsTableViewCell.m</string>
			<key>sourceTree</key>
			<string>&lt;group&gt;</string>
		</dict>
		<key>F0D3C30F1A01330F0000D49E</key>
		<dict>
			<key>fileRef</key>
			<string>F0D3C30E1A01330F0000D49E</string>
			<key>isa</key>
			<string>PBXBuildFile</string>
		</dict>
	</dict>
	<key>rootObject</key>
	<string>F07A80CA19DD9DE700B621A1</string>
</dict>
</plist>
